version = 1
revision = 1
requires-python = "==3.14.*"

[[package]]
name = "gestalt"
version = "20.1.1"
source = { registry = "https://pypi.org/simple" }
dependencies = [
    { name = "yarl" },
]
wheels = [
    { url = "https://files.pythonhosted.org/packages/31/14/44075594f1afa2cee773a752b41b540ff17d8d451b593ec45ecaea3ec597/gestalt-20.1.1-py3-none-any.whl", hash = "sha256:4010956b2e2e9390d03cc297c4ddc1be95eaa783db0251a6dc2f16a055a62185", size = 70406 },
]

[[package]]
name = "gestalt-gmail"
version = "0.0.1a1"
source = { virtual = "." }
dependencies = [
    { name = "gestalt" },
]

[package.dev-dependencies]
dev = [
    { name = "ruff" },
    { name = "ty" },
    { name = "vulture" },
]

[package.metadata]
requires-dist = [{ name = "gestalt" }]

[package.metadata.requires-dev]
dev = [
    { name = "ruff", specifier = "==0.15.9" },
    { name = "ty", specifier = "==0.0.29" },
    { name = "vulture", specifier = "==2.16" },
]

[[package]]
name = "idna"
version = "3.12"
source = { registry = "https://pypi.org/simple" }
sdist = { url = "https://files.pythonhosted.org/packages/22/12/2948fbe5513d062169bd91f7d7b1cd97bc8894f32946b71fa39f6e63ca0c/idna-3.12.tar.gz", hash = "sha256:724e9952cc9e2bd7550ea784adb098d837ab5267ef67a1ab9cf7846bdbdd8254", size = 194350 }
wheels = [
    { url = "https://files.pythonhosted.org/packages/53/b2/acc33950394b3becb2b664741a0c0889c7ef9f9ffbfa8d47eddb53a50abd/idna-3.12-py3-none-any.whl", hash = "sha256:60ffaa1858fac94c9c124728c24fcde8160f3fb4a7f79aa8cdd33a9d1af60a67", size = 68634 },
]

[[package]]
name = "multidict"
version = "6.7.1"
source = { registry = "https://pypi.org/simple" }
sdist = { url = "https://files.pythonhosted.org/packages/1a/c2/c2d94cbe6ac1753f3fc980da97b3d930efe1da3af3c9f5125354436c073d/multidict-6.7.1.tar.gz", hash = "sha256:ec6652a1bee61c53a3e5776b6049172c53b6aaba34f18c9ad04f82712bac623d", size = 102010 }
wheels = [
    { url = "https://files.pythonhosted.org/packages/91/cc/db74228a8be41884a567e88a62fd589a913708fcf180d029898c17a9a371/multidict-6.7.1-cp314-cp314-macosx_10_15_universal2.whl", hash = "sha256:8f333ec9c5eb1b7105e3b84b53141e66ca05a19a605368c55450b6ba208cb9ee", size = 75190 },
    { url = "https://files.pythonhosted.org/packages/d5/22/492f2246bb5b534abd44804292e81eeaf835388901f0c574bac4eeec73c5/multidict-6.7.1-cp314-cp314-macosx_10_15_x86_64.whl", hash = "sha256:a407f13c188f804c759fc6a9f88286a565c242a76b27626594c133b82883b5c2", size = 44486 },
    { url = "https://files.pythonhosted.org/packages/f1/4f/733c48f270565d78b4544f2baddc2fb2a245e5a8640254b12c36ac7ac68e/multidict-6.7.1-cp314-cp314-macosx_11_0_arm64.whl", hash = "sha256:0e161ddf326db5577c3a4cc2d8648f81456e8a20d40415541587a71620d7a7d1", size = 43219 },
    { url = "https://files.pythonhosted.org/packages/24/bb/2c0c2287963f4259c85e8bcbba9182ced8d7fca65c780c38e99e61629d11/multidict-6.7.1-cp314-cp314-manylinux1_i686.manylinux_2_28_i686.manylinux_2_5_i686.whl", hash = "sha256:1e3a8bb24342a8201d178c3b4984c26ba81a577c80d4d525727427460a50c22d", size = 245132 },
    { url = "https://files.pythonhosted.org/packages/a7/f9/44d4b3064c65079d2467888794dea218d1601898ac50222ab8a9a8094460/multidict-6.7.1-cp314-cp314-manylinux2014_aarch64.manylinux_2_17_aarch64.manylinux_2_28_aarch64.whl", hash = "sha256:97231140a50f5d447d3164f994b86a0bed7cd016e2682f8650d6a9158e14fd31", size = 252420 },
    { url = "https://files.pythonhosted.org/packages/8b/13/78f7275e73fa17b24c9a51b0bd9d73ba64bb32d0ed51b02a746eb876abe7/multidict-6.7.1-cp314-cp314-manylinux2014_armv7l.manylinux_2_17_armv7l.manylinux_2_31_armv7l.whl", hash = "sha256:6b10359683bd8806a200fd2909e7c8ca3a7b24ec1d8132e483d58e791d881048", size = 233510 },
    { url = "https://files.pythonhosted.org/packages/4b/25/8167187f62ae3cbd52da7893f58cb036b47ea3fb67138787c76800158982/multidict-6.7.1-cp314-cp314-manylinux2014_ppc64le.manylinux_2_17_ppc64le.manylinux_2_28_ppc64le.whl", hash = "sha256:283ddac99f7ac25a4acadbf004cb5ae34480bbeb063520f70ce397b281859362", size = 264094 },
    { url = "https://files.pythonhosted.org/packages/a1/e7/69a3a83b7b030cf283fb06ce074a05a02322359783424d7edf0f15fe5022/multidict-6.7.1-cp314-cp314-manylinux2014_s390x.manylinux_2_17_s390x.manylinux_2_28_s390x.whl", hash = "sha256:538cec1e18c067d0e6103aa9a74f9e832904c957adc260e61cd9d8cf0c3b3d37", size = 260786 },
    { url = "https://files.pythonhosted.org/packages/fe/3b/8ec5074bcfc450fe84273713b4b0a0dd47c0249358f5d82eb8104ffe2520/multidict-6.7.1-cp314-cp314-manylinux2014_x86_64.manylinux_2_17_x86_64.manylinux_2_28_x86_64.whl", hash = "sha256:7eee46ccb30ff48a1e35bb818cc90846c6be2b68240e42a78599166722cea709", size = 248483 },
    { url = "https://files.pythonhosted.org/packages/48/5a/d5a99e3acbca0e29c5d9cba8f92ceb15dce78bab963b308ae692981e3a5d/multidict-6.7.1-cp314-cp314-musllinux_1_2_aarch64.whl", hash = "sha256:fa263a02f4f2dd2d11a7b1bb4362aa7cb1049f84a9235d31adf63f30143469a0", size = 248403 },
    { url = "https://files.pythonhosted.org/packages/35/48/e58cd31f6c7d5102f2a4bf89f96b9cf7e00b6c6f3d04ecc44417c00a5a3c/multidict-6.7.1-cp314-cp314-musllinux_1_2_armv7l.whl", hash = "sha256:2e1425e2f99ec5bd36c15a01b690a1a2456209c5deed58f95469ffb46039ccbb", size = 240315 },
    { url = "https://files.pythonhosted.org/packages/94/33/1cd210229559cb90b6786c30676bb0c58249ff42f942765f88793b41fdce/multidict-6.7.1-cp314-cp314-musllinux_1_2_i686.whl", hash = "sha256:497394b3239fc6f0e13a78a3e1b61296e72bf1c5f94b4c4eb80b265c37a131cd", size = 245528 },
    { url = "https://files.pythonhosted.org/packages/64/f2/6e1107d226278c876c783056b7db43d800bb64c6131cec9c8dfb6903698e/multidict-6.7.1-cp314-cp314-musllinux_1_2_ppc64le.whl", hash = "sha256:233b398c29d3f1b9676b4b6f75c518a06fcb2ea0b925119fb2c1bc35c05e1601", size = 258784 },
    { url = "https://files.pythonhosted.org/packages/4d/c1/11f664f14d525e4a1b5327a82d4de61a1db604ab34c6603bb3c2cc63ad34/multidict-6.7.1-cp314-cp314-musllinux_1_2_s390x.whl", hash = "sha256:93b1818e4a6e0930454f0f2af7dfce69307ca03cdcfb3739bf4d91241967b6c1", size = 251980 },
    { url = "https://files.pythonhosted.org/packages/e1/9f/75a9ac888121d0c5bbd4ecf4eead45668b1766f6baabfb3b7f66a410e231/multidict-6.7.1-cp314-cp314-musllinux_1_2_x86_64.whl", hash = "sha256:f33dc2a3abe9249ea5d8360f969ec7f4142e7ac45ee7014d8f8d5acddf178b7b", size = 243602 },
    { url = "https://files.pythonhosted.org/packages/9a/e7/50bf7b004cc8525d80dbbbedfdc7aed3e4c323810890be4413e589074032/multidict-6.7.1-cp314-cp314-win32.whl", hash = "sha256:3ab8b9d8b75aef9df299595d5388b14530839f6422333357af1339443cff777d", size = 40930 },
    { url = "https://files.pythonhosted.org/packages/e0/bf/52f25716bbe93745595800f36fb17b73711f14da59ed0bb2eba141bc9f0f/multidict-6.7.1-cp314-cp314-win_amd64.whl", hash = "sha256:5e01429a929600e7dab7b166062d9bb54a5eed752384c7384c968c2afab8f50f", size = 45074 },
    { url = "https://files.pythonhosted.org/packages/97/ab/22803b03285fa3a525f48217963da3a65ae40f6a1b6f6cf2768879e208f9/multidict-6.7.1-cp314-cp314-win_arm64.whl", hash = "sha256:4885cb0e817aef5d00a2e8451d4665c1808378dc27c2705f1bf4ef8505c0d2e5", size = 42471 },
    { url = "https://files.pythonhosted.org/packages/e0/6d/f9293baa6146ba9507e360ea0292b6422b016907c393e2f63fc40ab7b7b5/multidict-6.7.1-cp314-cp314t-macosx_10_15_universal2.whl", hash = "sha256:0458c978acd8e6ea53c81eefaddbbee9c6c5e591f41b3f5e8e194780fe026581", size = 82401 },
    { url = "https://files.pythonhosted.org/packages/7a/68/53b5494738d83558d87c3c71a486504d8373421c3e0dbb6d0db48ad42ee0/multidict-6.7.1-cp314-cp314t-macosx_10_15_x86_64.whl", hash = "sha256:c0abd12629b0af3cf590982c0b413b1e7395cd4ec026f30986818ab95bfaa94a", size = 48143 },
    { url = "https://files.pythonhosted.org/packages/37/e8/5284c53310dcdc99ce5d66563f6e5773531a9b9fe9ec7a615e9bc306b05f/multidict-6.7.1-cp314-cp314t-macosx_11_0_arm64.whl", hash = "sha256:14525a5f61d7d0c94b368a42cff4c9a4e7ba2d52e2672a7b23d84dc86fb02b0c", size = 46507 },
    { url = "https://files.pythonhosted.org/packages/e4/fc/6800d0e5b3875568b4083ecf5f310dcf91d86d52573160834fb4bfcf5e4f/multidict-6.7.1-cp314-cp314t-manylinux1_i686.manylinux_2_28_i686.manylinux_2_5_i686.whl", hash = "sha256:17307b22c217b4cf05033dabefe68255a534d637c6c9b0cc8382718f87be4262", size = 239358 },
    { url = "https://files.pythonhosted.org/packages/41/75/4ad0973179361cdf3a113905e6e088173198349131be2b390f9fa4da5fc6/multidict-6.7.1-cp314-cp314t-manylinux2014_aarch64.manylinux_2_17_aarch64.manylinux_2_28_aarch64.whl", hash = "sha256:7a7e590ff876a3eaf1c02a4dfe0724b6e69a9e9de6d8f556816f29c496046e59", size = 246884 },
    { url = "https://files.pythonhosted.org/packages/c3/9c/095bb28b5da139bd41fb9a5d5caff412584f377914bd8787c2aa98717130/multidict-6.7.1-cp314-cp314t-manylinux2014_armv7l.manylinux_2_17_armv7l.manylinux_2_31_armv7l.whl", hash = "sha256:5fa6a95dfee63893d80a34758cd0e0c118a30b8dcb46372bf75106c591b77889", size = 225878 },
    { url = "https://files.pythonhosted.org/packages/07/d0/c0a72000243756e8f5a277b6b514fa005f2c73d481b7d9e47cd4568aa2e4/multidict-6.7.1-cp314-cp314t-manylinux2014_ppc64le.manylinux_2_17_ppc64le.manylinux_2_28_ppc64le.whl", hash = "sha256:a0543217a6a017692aa6ae5cc39adb75e587af0f3a82288b1492eb73dd6cc2a4", size = 253542 },
    { url = "https://files.pythonhosted.org/packages/c0/6b/f69da15289e384ecf2a68837ec8b5ad8c33e973aa18b266f50fe55f24b8c/multidict-6.7.1-cp314-cp314t-manylinux2014_s390x.manylinux_2_17_s390x.manylinux_2_28_s390x.whl", hash = "sha256:f99fe611c312b3c1c0ace793f92464d8cd263cc3b26b5721950d977b006b6c4d", size = 252403 },
    { url = "https://files.pythonhosted.org/packages/a2/76/b9669547afa5a1a25cd93eaca91c0da1c095b06b6d2d8ec25b713588d3a1/multidict-6.7.1-cp314-cp314t-manylinux2014_x86_64.manylinux_2_17_x86_64.manylinux_2_28_x86_64.whl", hash = "sha256:9004d8386d133b7e6135679424c91b0b854d2d164af6ea3f289f8f2761064609", size = 244889 },
    { url = "https://files.pythonhosted.org/packages/7e/a9/a50d2669e506dad33cfc45b5d574a205587b7b8a5f426f2fbb2e90882588/multidict-6.7.1-cp314-cp314t-musllinux_1_2_aarch64.whl", hash = "sha256:e628ef0e6859ffd8273c69412a2465c4be4a9517d07261b33334b5ec6f3c7489", size = 241982 },
    { url = "https://files.pythonhosted.org/packages/c5/bb/1609558ad8b456b4827d3c5a5b775c93b87878fd3117ed3db3423dfbce1b/multidict-6.7.1-cp314-cp314t-musllinux_1_2_armv7l.whl", hash = "sha256:841189848ba629c3552035a6a7f5bf3b02eb304e9fea7492ca220a8eda6b0e5c", size = 232415 },
    { url = "https://files.pythonhosted.org/packages/d8/59/6f61039d2aa9261871e03ab9dc058a550d240f25859b05b67fd70f80d4b3/multidict-6.7.1-cp314-cp314t-musllinux_1_2_i686.whl", hash = "sha256:ce1bbd7d780bb5a0da032e095c951f7014d6b0a205f8318308140f1a6aba159e", size = 240337 },
    { url = "https://files.pythonhosted.org/packages/a1/29/fdc6a43c203890dc2ae9249971ecd0c41deaedfe00d25cb6564b2edd99eb/multidict-6.7.1-cp314-cp314t-musllinux_1_2_ppc64le.whl", hash = "sha256:b26684587228afed0d50cf804cc71062cc9c1cdf55051c4c6345d372947b268c", size = 248788 },
    { url = "https://files.pythonhosted.org/packages/a9/14/a153a06101323e4cf086ecee3faadba52ff71633d471f9685c42e3736163/multidict-6.7.1-cp314-cp314t-musllinux_1_2_s390x.whl", hash = "sha256:9f9af11306994335398293f9958071019e3ab95e9a707dc1383a35613f6abcb9", size = 242842 },
    { url = "https://files.pythonhosted.org/packages/41/5f/604ae839e64a4a6efc80db94465348d3b328ee955e37acb24badbcd24d83/multidict-6.7.1-cp314-cp314t-musllinux_1_2_x86_64.whl", hash = "sha256:b4938326284c4f1224178a560987b6cf8b4d38458b113d9b8c1db1a836e640a2", size = 240237 },
    { url = "https://files.pythonhosted.org/packages/5f/60/c3a5187bf66f6fb546ff4ab8fb5a077cbdd832d7b1908d4365c7f74a1917/multidict-6.7.1-cp314-cp314t-win32.whl", hash = "sha256:98655c737850c064a65e006a3df7c997cd3b220be4ec8fe26215760b9697d4d7", size = 48008 },
    { url = "https://files.pythonhosted.org/packages/0c/f7/addf1087b860ac60e6f382240f64fb99f8bfb532bb06f7c542b83c29ca61/multidict-6.7.1-cp314-cp314t-win_amd64.whl", hash = "sha256:497bde6223c212ba11d462853cfa4f0ae6ef97465033e7dc9940cdb3ab5b48e5", size = 53542 },
    { url = "https://files.pythonhosted.org/packages/4c/81/4629d0aa32302ef7b2ec65c75a728cc5ff4fa410c50096174c1632e70b3e/multidict-6.7.1-cp314-cp314t-win_arm64.whl", hash = "sha256:2bbd113e0d4af5db41d5ebfe9ccaff89de2120578164f86a5d17d5a576d1e5b2", size = 44719 },
    { url = "https://files.pythonhosted.org/packages/81/08/7036c080d7117f28a4af526d794aab6a84463126db031b007717c1a6676e/multidict-6.7.1-py3-none-any.whl", hash = "sha256:55d97cc6dae627efa6a6e548885712d4864b81110ac76fa4e534c03819fa4a56", size = 12319 },
]

[[package]]
name = "propcache"
version = "0.4.1"
source = { registry = "https://pypi.org/simple" }
sdist = { url = "https://files.pythonhosted.org/packages/9e/da/e9fc233cf63743258bff22b3dfa7ea5baef7b5bc324af47a0ad89b8ffc6f/propcache-0.4.1.tar.gz", hash = "sha256:f48107a8c637e80362555f37ecf49abe20370e557cc4ab374f04ec4423c97c3d", size = 46442 }
wheels = [
    { url = "https://files.pythonhosted.org/packages/8e/5c/bca52d654a896f831b8256683457ceddd490ec18d9ec50e97dfd8fc726a8/propcache-0.4.1-cp314-cp314-macosx_10_13_universal2.whl", hash = "sha256:3f7124c9d820ba5548d431afb4632301acf965db49e666aa21c305cbe8c6de12", size = 78152 },
    { url = "https://files.pythonhosted.org/packages/65/9b/03b04e7d82a5f54fb16113d839f5ea1ede58a61e90edf515f6577c66fa8f/propcache-0.4.1-cp314-cp314-macosx_10_13_x86_64.whl", hash = "sha256:c0d4b719b7da33599dfe3b22d3db1ef789210a0597bc650b7cee9c77c2be8c5c", size = 44869 },
    { url = "https://files.pythonhosted.org/packages/b2/fa/89a8ef0468d5833a23fff277b143d0573897cf75bd56670a6d28126c7d68/propcache-0.4.1-cp314-cp314-macosx_11_0_arm64.whl", hash = "sha256:9f302f4783709a78240ebc311b793f123328716a60911d667e0c036bc5dcbded", size = 46596 },
    { url = "https://files.pythonhosted.org/packages/86/bd/47816020d337f4a746edc42fe8d53669965138f39ee117414c7d7a340cfe/propcache-0.4.1-cp314-cp314-manylinux2014_aarch64.manylinux_2_17_aarch64.manylinux_2_28_aarch64.whl", hash = "sha256:c80ee5802e3fb9ea37938e7eecc307fb984837091d5fd262bb37238b1ae97641", size = 206981 },
    { url = "https://files.pythonhosted.org/packages/df/f6/c5fa1357cc9748510ee55f37173eb31bfde6d94e98ccd9e6f033f2fc06e1/propcache-0.4.1-cp314-cp314-manylinux2014_ppc64le.manylinux_2_17_ppc64le.manylinux_2_28_ppc64le.whl", hash = "sha256:ed5a841e8bb29a55fb8159ed526b26adc5bdd7e8bd7bf793ce647cb08656cdf4", size = 211490 },
    { url = "https://files.pythonhosted.org/packages/80/1e/e5889652a7c4a3846683401a48f0f2e5083ce0ec1a8a5221d8058fbd1adf/propcache-0.4.1-cp314-cp314-manylinux2014_s390x.manylinux_2_17_s390x.manylinux_2_28_s390x.whl", hash = "sha256:55c72fd6ea2da4c318e74ffdf93c4fe4e926051133657459131a95c846d16d44", size = 215371 },
    { url = "https://files.pythonhosted.org/packages/b2/f2/889ad4b2408f72fe1a4f6a19491177b30ea7bf1a0fd5f17050ca08cfc882/propcache-0.4.1-cp314-cp314-manylinux2014_x86_64.manylinux_2_17_x86_64.manylinux_2_28_x86_64.whl", hash = "sha256:8326e144341460402713f91df60ade3c999d601e7eb5ff8f6f7862d54de0610d", size = 201424 },
    { url = "https://files.pythonhosted.org/packages/27/73/033d63069b57b0812c8bd19f311faebeceb6ba31b8f32b73432d12a0b826/propcache-0.4.1-cp314-cp314-musllinux_1_2_aarch64.whl", hash = "sha256:060b16ae65bc098da7f6d25bf359f1f31f688384858204fe5d652979e0015e5b", size = 197566 },
    { url = "https://files.pythonhosted.org/packages/dc/89/ce24f3dc182630b4e07aa6d15f0ff4b14ed4b9955fae95a0b54c58d66c05/propcache-0.4.1-cp314-cp314-musllinux_1_2_armv7l.whl", hash = "sha256:89eb3fa9524f7bec9de6e83cf3faed9d79bffa560672c118a96a171a6f55831e", size = 193130 },
    { url = "https://files.pythonhosted.org/packages/a9/24/ef0d5fd1a811fb5c609278d0209c9f10c35f20581fcc16f818da959fc5b4/propcache-0.4.1-cp314-cp314-musllinux_1_2_ppc64le.whl", hash = "sha256:dee69d7015dc235f526fe80a9c90d65eb0039103fe565776250881731f06349f", size = 202625 },
    { url = "https://files.pythonhosted.org/packages/f5/02/98ec20ff5546f68d673df2f7a69e8c0d076b5abd05ca882dc7ee3a83653d/propcache-0.4.1-cp314-cp314-musllinux_1_2_s390x.whl", hash = "sha256:5558992a00dfd54ccbc64a32726a3357ec93825a418a401f5cc67df0ac5d9e49", size = 204209 },
    { url = "https://files.pythonhosted.org/packages/a0/87/492694f76759b15f0467a2a93ab68d32859672b646aa8a04ce4864e7932d/propcache-0.4.1-cp314-cp314-musllinux_1_2_x86_64.whl", hash = "sha256:c9b822a577f560fbd9554812526831712c1436d2c046cedee4c3796d3543b144", size = 197797 },
    { url = "https://files.pythonhosted.org/packages/ee/36/66367de3575db1d2d3f3d177432bd14ee577a39d3f5d1b3d5df8afe3b6e2/propcache-0.4.1-cp314-cp314-win32.whl", hash = "sha256:ab4c29b49d560fe48b696cdcb127dd36e0bc2472548f3bf56cc5cb3da2b2984f", size = 38140 },
    { url = "https://files.pythonhosted.org/packages/0c/2a/a758b47de253636e1b8aef181c0b4f4f204bf0dd964914fb2af90a95b49b/propcache-0.4.1-cp314-cp314-win_amd64.whl", hash = "sha256:5a103c3eb905fcea0ab98be99c3a9a5ab2de60228aa5aceedc614c0281cf6153", size = 41257 },
    { url = "https://files.pythonhosted.org/packages/34/5e/63bd5896c3fec12edcbd6f12508d4890d23c265df28c74b175e1ef9f4f3b/propcache-0.4.1-cp314-cp314-win_arm64.whl", hash = "sha256:74c1fb26515153e482e00177a1ad654721bf9207da8a494a0c05e797ad27b992", size = 38097 },
    { url = "https://files.pythonhosted.org/packages/99/85/9ff785d787ccf9bbb3f3106f79884a130951436f58392000231b4c737c80/propcache-0.4.1-cp314-cp314t-macosx_10_13_universal2.whl", hash = "sha256:824e908bce90fb2743bd6b59db36eb4f45cd350a39637c9f73b1c1ea66f5b75f", size = 81455 },
    { url = "https://files.pythonhosted.org/packages/90/85/2431c10c8e7ddb1445c1f7c4b54d886e8ad20e3c6307e7218f05922cad67/propcache-0.4.1-cp314-cp314t-macosx_10_13_x86_64.whl", hash = "sha256:c2b5e7db5328427c57c8e8831abda175421b709672f6cfc3d630c3b7e2146393", size = 46372 },
    { url = "https://files.pythonhosted.org/packages/01/20/b0972d902472da9bcb683fa595099911f4d2e86e5683bcc45de60dd05dc3/propcache-0.4.1-cp314-cp314t-macosx_11_0_arm64.whl", hash = "sha256:6f6ff873ed40292cd4969ef5310179afd5db59fdf055897e282485043fc80ad0", size = 48411 },
    { url = "https://files.pythonhosted.org/packages/e2/e3/7dc89f4f21e8f99bad3d5ddb3a3389afcf9da4ac69e3deb2dcdc96e74169/propcache-0.4.1-cp314-cp314t-manylinux2014_aarch64.manylinux_2_17_aarch64.manylinux_2_28_aarch64.whl", hash = "sha256:49a2dc67c154db2c1463013594c458881a069fcf98940e61a0569016a583020a", size = 275712 },
    { url = "https://files.pythonhosted.org/packages/20/67/89800c8352489b21a8047c773067644e3897f02ecbbd610f4d46b7f08612/propcache-0.4.1-cp314-cp314t-manylinux2014_ppc64le.manylinux_2_17_ppc64le.manylinux_2_28_ppc64le.whl", hash = "sha256:005f08e6a0529984491e37d8dbc3dd86f84bd78a8ceb5fa9a021f4c48d4984be", size = 273557 },
    { url = "https://files.pythonhosted.org/packages/e2/a1/b52b055c766a54ce6d9c16d9aca0cad8059acd9637cdf8aa0222f4a026ef/propcache-0.4.1-cp314-cp314t-manylinux2014_s390x.manylinux_2_17_s390x.manylinux_2_28_s390x.whl", hash = "sha256:5c3310452e0d31390da9035c348633b43d7e7feb2e37be252be6da45abd1abcc", size = 280015 },
    { url = "https://files.pythonhosted.org/packages/48/c8/33cee30bd890672c63743049f3c9e4be087e6780906bfc3ec58528be59c1/propcache-0.4.1-cp314-cp314t-manylinux2014_x86_64.manylinux_2_17_x86_64.manylinux_2_28_x86_64.whl", hash = "sha256:4c3c70630930447f9ef1caac7728c8ad1c56bc5015338b20fed0d08ea2480b3a", size = 262880 },
    { url = "https://files.pythonhosted.org/packages/0c/b1/8f08a143b204b418285c88b83d00edbd61afbc2c6415ffafc8905da7038b/propcache-0.4.1-cp314-cp314t-musllinux_1_2_aarch64.whl", hash = "sha256:8e57061305815dfc910a3634dcf584f08168a8836e6999983569f51a8544cd89", size = 260938 },
    { url = "https://files.pythonhosted.org/packages/cf/12/96e4664c82ca2f31e1c8dff86afb867348979eb78d3cb8546a680287a1e9/propcache-0.4.1-cp314-cp314t-musllinux_1_2_armv7l.whl", hash = "sha256:521a463429ef54143092c11a77e04056dd00636f72e8c45b70aaa3140d639726", size = 247641 },
    { url = "https://files.pythonhosted.org/packages/18/ed/e7a9cfca28133386ba52278136d42209d3125db08d0a6395f0cba0c0285c/propcache-0.4.1-cp314-cp314t-musllinux_1_2_ppc64le.whl", hash = "sha256:120c964da3fdc75e3731aa392527136d4ad35868cc556fd09bb6d09172d9a367", size = 262510 },
    { url = "https://files.pythonhosted.org/packages/f5/76/16d8bf65e8845dd62b4e2b57444ab81f07f40caa5652b8969b87ddcf2ef6/propcache-0.4.1-cp314-cp314t-musllinux_1_2_s390x.whl", hash = "sha256:d8f353eb14ee3441ee844ade4277d560cdd68288838673273b978e3d6d2c8f36", size = 263161 },
    { url = "https://files.pythonhosted.org/packages/e7/70/c99e9edb5d91d5ad8a49fa3c1e8285ba64f1476782fed10ab251ff413ba1/propcache-0.4.1-cp314-cp314t-musllinux_1_2_x86_64.whl", hash = "sha256:ab2943be7c652f09638800905ee1bab2c544e537edb57d527997a24c13dc1455", size = 257393 },
    { url = "https://files.pythonhosted.org/packages/08/02/87b25304249a35c0915d236575bc3574a323f60b47939a2262b77632a3ee/propcache-0.4.1-cp314-cp314t-win32.whl", hash = "sha256:05674a162469f31358c30bcaa8883cb7829fa3110bf9c0991fe27d7896c42d85", size = 42546 },
    { url = "https://files.pythonhosted.org/packages/cb/ef/3c6ecf8b317aa982f309835e8f96987466123c6e596646d4e6a1dfcd080f/propcache-0.4.1-cp314-cp314t-win_amd64.whl", hash = "sha256:990f6b3e2a27d683cb7602ed6c86f15ee6b43b1194736f9baaeb93d0016633b1", size = 46259 },
    { url = "https://files.pythonhosted.org/packages/c4/2d/346e946d4951f37eca1e4f55be0f0174c52cd70720f84029b02f296f4a38/propcache-0.4.1-cp314-cp314t-win_arm64.whl", hash = "sha256:ecef2343af4cc68e05131e45024ba34f6095821988a9d0a02aa7c73fcc448aa9", size = 40428 },
    { url = "https://files.pythonhosted.org/packages/5b/5a/bc7b4a4ef808fa59a816c17b20c4bef6884daebbdf627ff2a161da67da19/propcache-0.4.1-py3-none-any.whl", hash = "sha256:af2a6052aeb6cf17d3e46ee169099044fd8224cbaf75c76a2ef596e8163e2237", size = 13305 },
]

[[package]]
name = "ruff"
version = "0.15.9"
source = { registry = "https://pypi.org/simple" }
sdist = { url = "https://files.pythonhosted.org/packages/e6/97/e9f1ca355108ef7194e38c812ef40ba98c7208f47b13ad78d023caa583da/ruff-0.15.9.tar.gz", hash = "sha256:29cbb1255a9797903f6dde5ba0188c707907ff44a9006eb273b5a17bfa0739a2", size = 4617361 }
wheels = [
    { url = "https://files.pythonhosted.org/packages/0b/1f/9cdfd0ac4b9d1e5a6cf09bedabdf0b56306ab5e333c85c87281273e7b041/ruff-0.15.9-py3-none-linux_armv6l.whl", hash = "sha256:6efbe303983441c51975c243e26dff328aca11f94b70992f35b093c2e71801e1", size = 10511206 },
    { url = "https://files.pythonhosted.org/packages/3d/f6/32bfe3e9c136b35f02e489778d94384118bb80fd92c6d92e7ccd97db12ce/ruff-0.15.9-py3-none-macosx_10_12_x86_64.whl", hash = "sha256:4965bac6ac9ea86772f4e23587746f0b7a395eccabb823eb8bfacc3fa06069f7", size = 10923307 },
    { url = "https://files.pythonhosted.org/packages/ca/25/de55f52ab5535d12e7aaba1de37a84be6179fb20bddcbe71ec091b4a3243/ruff-0.15.9-py3-none-macosx_11_0_arm64.whl", hash = "sha256:eaf05aad70ca5b5a0a4b0e080df3a6b699803916d88f006efd1f5b46302daab8", size = 10316722 },
    { url = "https://files.pythonhosted.org/packages/48/11/690d75f3fd6278fe55fff7c9eb429c92d207e14b25d1cae4064a32677029/ruff-0.15.9-py3-none-manylinux_2_17_aarch64.manylinux2014_aarch64.whl", hash = "sha256:9439a342adb8725f32f92732e2bafb6d5246bd7a5021101166b223d312e8fc59", size = 10623674 },
    { url = "https://files.pythonhosted.org/packages/bd/ec/176f6987be248fc5404199255522f57af1b4a5a1b57727e942479fec98ad/ruff-0.15.9-py3-none-manylinux_2_17_armv7l.manylinux2014_armv7l.whl", hash = "sha256:9c5e6faf9d97c8edc43877c3f406f47446fc48c40e1442d58cfcdaba2acea745", size = 10351516 },
    { url = "https://files.pythonhosted.org/packages/b2/fc/51cffbd2b3f240accc380171d51446a32aa2ea43a40d4a45ada67368fbd2/ruff-0.15.9-py3-none-manylinux_2_17_i686.manylinux2014_i686.whl", hash = "sha256:7b34a9766aeec27a222373d0b055722900fbc0582b24f39661aa96f3fe6ad901", size = 11150202 },
    { url = "https://files.pythonhosted.org/packages/d6/d4/25292a6dfc125f6b6528fe6af31f5e996e19bf73ca8e3ce6eb7fa5b95885/ruff-0.15.9-py3-none-manylinux_2_17_ppc64le.manylinux2014_ppc64le.whl", hash = "sha256:89dd695bc72ae76ff484ae54b7e8b0f6b50f49046e198355e44ea656e521fef9", size = 11988891 },
    { url = "https://files.pythonhosted.org/packages/13/e1/1eebcb885c10e19f969dcb93d8413dfee8172578709d7ee933640f5e7147/ruff-0.15.9-py3-none-manylinux_2_17_s390x.manylinux2014_s390x.whl", hash = "sha256:ce187224ef1de1bd225bc9a152ac7102a6171107f026e81f317e4257052916d5", size = 11480576 },
    { url = "https://files.pythonhosted.org/packages/ff/6b/a1548ac378a78332a4c3dcf4a134c2475a36d2a22ddfa272acd574140b50/ruff-0.15.9-py3-none-manylinux_2_17_x86_64.manylinux2014_x86_64.whl", hash = "sha256:2b0c7c341f68adb01c488c3b7d4b49aa8ea97409eae6462d860a79cf55f431b6", size = 11254525 },
    { url = "https://files.pythonhosted.org/packages/42/aa/4bb3af8e61acd9b1281db2ab77e8b2c3c5e5599bf2a29d4a942f1c62b8d6/ruff-0.15.9-py3-none-manylinux_2_31_riscv64.whl", hash = "sha256:55cc15eee27dc0eebdfcb0d185a6153420efbedc15eb1d38fe5e685657b0f840", size = 11204072 },
    { url = "https://files.pythonhosted.org/packages/69/48/d550dc2aa6e423ea0bcc1d0ff0699325ffe8a811e2dba156bd80750b86dc/ruff-0.15.9-py3-none-musllinux_1_2_aarch64.whl", hash = "sha256:a6537f6eed5cda688c81073d46ffdfb962a5f29ecb6f7e770b2dc920598997ed", size = 10594998 },
    { url = "https://files.pythonhosted.org/packages/63/47/321167e17f5344ed5ec6b0aa2cff64efef5f9e985af8f5622cfa6536043f/ruff-0.15.9-py3-none-musllinux_1_2_armv7l.whl", hash = "sha256:6d3fcbca7388b066139c523bda744c822258ebdcfbba7d24410c3f454cc9af71", size = 10359769 },
    { url = "https://files.pythonhosted.org/packages/67/5e/074f00b9785d1d2c6f8c22a21e023d0c2c1817838cfca4c8243200a1fa87/ruff-0.15.9-py3-none-musllinux_1_2_i686.whl", hash = "sha256:058d8e99e1bfe79d8a0def0b481c56059ee6716214f7e425d8e737e412d69677", size = 10850236 },
    { url = "https://files.pythonhosted.org/packages/76/37/804c4135a2a2caf042925d30d5f68181bdbd4461fd0d7739da28305df593/ruff-0.15.9-py3-none-musllinux_1_2_x86_64.whl", hash = "sha256:8e1ddb11dbd61d5983fa2d7d6370ef3eb210951e443cace19594c01c72abab4c", size = 11358343 },
    { url = "https://files.pythonhosted.org/packages/88/3d/1364fcde8656962782aa9ea93c92d98682b1ecec2f184e625a965ad3b4a6/ruff-0.15.9-py3-none-win32.whl", hash = "sha256:bde6ff36eaf72b700f32b7196088970bf8fdb2b917b7accd8c371bfc0fd573ec", size = 10583382 },
    { url = "https://files.pythonhosted.org/packages/4c/56/5c7084299bd2cacaa07ae63a91c6f4ba66edc08bf28f356b24f6b717c799/ruff-0.15.9-py3-none-win_amd64.whl", hash = "sha256:45a70921b80e1c10cf0b734ef09421f71b5aa11d27404edc89d7e8a69505e43d", size = 11744969 },
    { url = "https://files.pythonhosted.org/packages/03/36/76704c4f312257d6dbaae3c959add2a622f63fcca9d864659ce6d8d97d3d/ruff-0.15.9-py3-none-win_arm64.whl", hash = "sha256:0694e601c028fd97dc5c6ee244675bc241aeefced7ef80cd9c6935a871078f53", size = 11005870 },
]

[[package]]
name = "ty"
version = "0.0.29"
source = { registry = "https://pypi.org/simple" }
sdist = { url = "https://files.pythonhosted.org/packages/47/d5/853561de49fae38c519e905b2d8da9c531219608f1fccc47a0fc2c896980/ty-0.0.29.tar.gz", hash = "sha256:e7936cca2f691eeda631876c92809688dbbab68687c3473f526cd83b6a9228d8", size = 5469221 }
wheels = [
    { url = "https://files.pythonhosted.org/packages/03/b7/911f9962115acfa24e3b2ec9d4992dd994c38e8769e1b1d7680bb4d28a51/ty-0.0.29-py3-none-linux_armv6l.whl", hash = "sha256:b8a40955f7660d3eaceb0d964affc81b790c0765e7052921a5f861ff8a471c30", size = 10568206 },
    { url = "https://files.pythonhosted.org/packages/fe/c3/fcae2167d4c77a97269f92f11d1b43b03617f81de1283d5d05b43432110c/ty-0.0.29-py3-none-macosx_10_12_x86_64.whl", hash = "sha256:6b6849adae15b00bbe2d3c5b078967dcb62eba37d38936b8eeb4c81a82d2e3b8", size = 10442530 },
    { url = "https://files.pythonhosted.org/packages/97/33/5a6bfa240cfcb9c36046ae2459fa9ea23238d20130d8656ff5ac4d6c012a/ty-0.0.29-py3-none-macosx_11_0_arm64.whl", hash = "sha256:dcdd9b17209788152f7b7ea815eda07989152325052fe690013537cc7904ce49", size = 9915735 },
    { url = "https://files.pythonhosted.org/packages/b3/1e/318f45fae232118e81a6306c30f50de42c509c412128d5bd231eab699ffb/ty-0.0.29-py3-none-manylinux_2_17_aarch64.manylinux2014_aarch64.whl", hash = "sha256:9d8ed4789bae78ffaf94462c0d25589a734cab0366b86f2bbcb1bb90e1a7a169", size = 10419748 },
    { url = "https://files.pythonhosted.org/packages/a9/a8/5687872e2ab5a0f7dd4fd8456eac31e9381ad4dc74961f6f29965ad4dd91/ty-0.0.29-py3-none-manylinux_2_17_armv7l.manylinux2014_armv7l.whl", hash = "sha256:91ec374b8565e0ad0900011c24641ebbef2da51adbd4fb69ff3280c8a7eceb02", size = 10394738 },
    { url = "https://files.pythonhosted.org/packages/de/68/015d118097eeb95e6a44c4abce4c0a28b7b9dfb3085b7f0ee48e4f099633/ty-0.0.29-py3-none-manylinux_2_17_i686.manylinux2014_i686.whl", hash = "sha256:298a8d5faa2502d3810bbbb47a030b9455495b9921594206043c785dd61548cf", size = 10910613 },
    { url = "https://files.pythonhosted.org/packages/1c/01/47ce3c6c53e0670eadbe80756b167bf80ed6681d1ba57cfde2e8065a13d1/ty-0.0.29-py3-none-manylinux_2_17_ppc64le.manylinux2014_ppc64le.whl", hash = "sha256:3c8fba1a3524c6109d1e020d92301c79d41bf442fa8d335b9fa366239339cb70", size = 11475750 },
    { url = "https://files.pythonhosted.org/packages/c4/cf/e361845b1081c9264ad5b7c963231bab03f2666865a9f2a115c4233f2137/ty-0.0.29-py3-none-manylinux_2_17_s390x.manylinux2014_s390x.whl", hash = "sha256:4c48adf88a70d264128c39ee922ed14a947817fced1e93c08c1a89c9244edcde", size = 11190055 },
    { url = "https://files.pythonhosted.org/packages/79/12/0fb0857e9a62cb11586e9a712103877bbf717f5fb570d16634408cfdefee/ty-0.0.29-py3-none-manylinux_2_17_x86_64.manylinux2014_x86_64.whl", hash = "sha256:2ce0a7a0e96bc7b42518cd3a1a6a6298ef64ff40ca4614355c1aa807059b5c6f", size = 11020539 },
    { url = "https://files.pythonhosted.org/packages/20/36/5a26753802083f80cd125db6c4348ad42b3c982ec36e718e0bf4c18f75e5/ty-0.0.29-py3-none-musllinux_1_2_aarch64.whl", hash = "sha256:a6ac86a05b4a3731d45365ab97780acc7b8146fa62fccb3cbe94fe6546c67a97", size = 10396399 },
    { url = "https://files.pythonhosted.org/packages/00/e6/b4e75b5752239ab3ab400f19faef4dbef81d05aab5d3419fda0c062a3765/ty-0.0.29-py3-none-musllinux_1_2_armv7l.whl", hash = "sha256:6bbbf53141af0f3150bf288d716263f1a3550054e4b3551ca866d38192ba9891", size = 10421461 },
    { url = "https://files.pythonhosted.org/packages/c0/21/1084b5b609f9abed62070ec0b31c283a403832a6310c8bbc208bd45ee1e6/ty-0.0.29-py3-none-musllinux_1_2_i686.whl", hash = "sha256:1c9e06b770c1d0ff5efc51e34312390db31d53fcf3088163f413030b42b74f84", size = 10599187 },
    { url = "https://files.pythonhosted.org/packages/ab/a1/ce19a2ca717bbcc1ee11378aba52ef70b6ce5b87245162a729d9fdc2360f/ty-0.0.29-py3-none-musllinux_1_2_x86_64.whl", hash = "sha256:0307fe37e3f000ef1a4ae230bbaf511508a78d24a5e51b40902a21b09d5e6037", size = 11121198 },
    { url = "https://files.pythonhosted.org/packages/6b/6b/f1430b279af704321566ce7ec2725d3d8258c2f815ebd93e474c64cd4543/ty-0.0.29-py3-none-win32.whl", hash = "sha256:7a2a898217960a825f8bc0087e1fdbaf379606175e98f9807187221d53a4a8ed", size = 9995331 },
    { url = "https://files.pythonhosted.org/packages/d2/ef/3ef01c17785ff9a69378465c7d0faccd48a07b163554db0995e5d65a5a23/ty-0.0.29-py3-none-win_amd64.whl", hash = "sha256:fc1294200226b91615acbf34e0a9ad81caf98c081e9c6a912a31b0a7b603bc3f", size = 11023644 },
    { url = "https://files.pythonhosted.org/packages/2c/55/87280a994d6a2d2647c65e12abbc997ed49835794366153c04c4d9304d76/ty-0.0.29-py3-none-win_arm64.whl", hash = "sha256:f9794bbd1bb3ce13f78c191d0c89ae4c63f52c12b6daa0c6fe220b90d019d12c", size = 10428165 },
]

[[package]]
name = "vulture"
version = "2.16"
source = { registry = "https://pypi.org/simple" }
sdist = { url = "https://files.pythonhosted.org/packages/66/3e/4d08c5903b2c0c70cad583c170cc4a663fc6a61e2ad00b711fcda61358cd/vulture-2.16.tar.gz", hash = "sha256:f8d9f6e2af03011664a3c6c240c9765b3f392917d3135fddca6d6a68d359f717", size = 52680 }
wheels = [
    { url = "https://files.pythonhosted.org/packages/f5/be/f935130312330614811dae2ea9df3f395f6d63889eb6c2e68c14507152ee/vulture-2.16-py3-none-any.whl", hash = "sha256:6e0f1c312cef1c87856957e5c2ca9608834a7c794c2180477f30bf0e4cc58eee", size = 26993 },
]

[[package]]
name = "yarl"
version = "1.23.0"
source = { registry = "https://pypi.org/simple" }
dependencies = [
    { name = "idna" },
    { name = "multidict" },
    { name = "propcache" },
]
sdist = { url = "https://files.pythonhosted.org/packages/23/6e/beb1beec874a72f23815c1434518bfc4ed2175065173fb138c3705f658d4/yarl-1.23.0.tar.gz", hash = "sha256:53b1ea6ca88ebd4420379c330aea57e258408dd0df9af0992e5de2078dc9f5d5", size = 194676 }
wheels = [
    { url = "https://files.pythonhosted.org/packages/90/98/b85a038d65d1b92c3903ab89444f48d3cee490a883477b716d7a24b1a78c/yarl-1.23.0-cp314-cp314-macosx_10_15_universal2.whl", hash = "sha256:21d1b7305a71a15b4794b5ff22e8eef96ff4a6d7f9657155e5aa419444b28912", size = 124455 },
    { url = "https://files.pythonhosted.org/packages/39/54/bc2b45559f86543d163b6e294417a107bb87557609007c007ad889afec18/yarl-1.23.0-cp314-cp314-macosx_10_15_x86_64.whl", hash = "sha256:85610b4f27f69984932a7abbe52703688de3724d9f72bceb1cca667deff27474", size = 86752 },
    { url = "https://files.pythonhosted.org/packages/24/f9/e8242b68362bffe6fb536c8db5076861466fc780f0f1b479fc4ffbebb128/yarl-1.23.0-cp314-cp314-macosx_11_0_arm64.whl", hash = "sha256:23f371bd662cf44a7630d4d113101eafc0cfa7518a2760d20760b26021454719", size = 86291 },
    { url = "https://files.pythonhosted.org/packages/ea/d8/d1cb2378c81dd729e98c716582b1ccb08357e8488e4c24714658cc6630e8/yarl-1.23.0-cp314-cp314-manylinux2014_aarch64.manylinux_2_17_aarch64.manylinux_2_28_aarch64.whl", hash = "sha256:c4a80f77dc1acaaa61f0934176fccca7096d9b1ff08c8ba9cddf5ae034a24319", size = 99026 },
    { url = "https://files.pythonhosted.org/packages/0a/ff/7196790538f31debe3341283b5b0707e7feb947620fc5e8236ef28d44f72/yarl-1.23.0-cp314-cp314-manylinux2014_armv7l.manylinux_2_17_armv7l.manylinux_2_31_armv7l.whl", hash = "sha256:bd654fad46d8d9e823afbb4f87c79160b5a374ed1ff5bde24e542e6ba8f41434", size = 92355 },
    { url = "https://files.pythonhosted.org/packages/c1/56/25d58c3eddde825890a5fe6aa1866228377354a3c39262235234ab5f616b/yarl-1.23.0-cp314-cp314-manylinux2014_ppc64le.manylinux_2_17_ppc64le.manylinux_2_28_ppc64le.whl", hash = "sha256:682bae25f0a0dd23a056739f23a134db9f52a63e2afd6bfb37ddc76292bbd723", size = 106417 },
    { url = "https://files.pythonhosted.org/packages/51/8a/882c0e7bc8277eb895b31bce0138f51a1ba551fc2e1ec6753ffc1e7c1377/yarl-1.23.0-cp314-cp314-manylinux2014_s390x.manylinux_2_17_s390x.manylinux_2_28_s390x.whl", hash = "sha256:a82836cab5f197a0514235aaf7ffccdc886ccdaa2324bc0aafdd4ae898103039", size = 106422 },
    { url = "https://files.pythonhosted.org/packages/42/2b/fef67d616931055bf3d6764885990a3ac647d68734a2d6a9e1d13de437a2/yarl-1.23.0-cp314-cp314-manylinux2014_x86_64.manylinux_2_17_x86_64.manylinux_2_28_x86_64.whl", hash = "sha256:1c57676bdedc94cd3bc37724cf6f8cd2779f02f6aba48de45feca073e714fe52", size = 101915 },
    { url = "https://files.pythonhosted.org/packages/18/6a/530e16aebce27c5937920f3431c628a29a4b6b430fab3fd1c117b26ff3f6/yarl-1.23.0-cp314-cp314-manylinux_2_31_riscv64.manylinux_2_39_riscv64.whl", hash = "sha256:c7f8dc16c498ff06497c015642333219871effba93e4a2e8604a06264aca5c5c", size = 100690 },
    { url = "https://files.pythonhosted.org/packages/88/08/93749219179a45e27b036e03260fda05190b911de8e18225c294ac95bbc9/yarl-1.23.0-cp314-cp314-musllinux_1_2_aarch64.whl", hash = "sha256:5ee586fb17ff8f90c91cf73c6108a434b02d69925f44f5f8e0d7f2f260607eae", size = 98750 },
    { url = "https://files.pythonhosted.org/packages/d9/cf/ea424a004969f5d81a362110a6ac1496d79efdc6d50c2c4b2e3ea0fc2519/yarl-1.23.0-cp314-cp314-musllinux_1_2_armv7l.whl", hash = "sha256:17235362f580149742739cc3828b80e24029d08cbb9c4bda0242c7b5bc610a8e", size = 94685 },
    { url = "https://files.pythonhosted.org/packages/e2/b7/14341481fe568e2b0408bcf1484c652accafe06a0ade9387b5d3fd9df446/yarl-1.23.0-cp314-cp314-musllinux_1_2_ppc64le.whl", hash = "sha256:0793e2bd0cf14234983bbb371591e6bea9e876ddf6896cdcc93450996b0b5c85", size = 106009 },
    { url = "https://files.pythonhosted.org/packages/0a/e6/5c744a9b54f4e8007ad35bce96fbc9218338e84812d36f3390cea616881a/yarl-1.23.0-cp314-cp314-musllinux_1_2_riscv64.whl", hash = "sha256:3650dc2480f94f7116c364096bc84b1d602f44224ef7d5c7208425915c0475dd", size = 100033 },
    { url = "https://files.pythonhosted.org/packages/0c/23/e3bfc188d0b400f025bc49d99793d02c9abe15752138dcc27e4eaf0c4a9e/yarl-1.23.0-cp314-cp314-musllinux_1_2_s390x.whl", hash = "sha256:f40e782d49630ad384db66d4d8b73ff4f1b8955dc12e26b09a3e3af064b3b9d6", size = 106483 },
    { url = "https://files.pythonhosted.org/packages/72/42/f0505f949a90b3f8b7a363d6cbdf398f6e6c58946d85c6d3a3bc70595b26/yarl-1.23.0-cp314-cp314-musllinux_1_2_x86_64.whl", hash = "sha256:94f8575fbdf81749008d980c17796097e645574a3b8c28ee313931068dad14fe", size = 102175 },
    { url = "https://files.pythonhosted.org/packages/aa/65/b39290f1d892a9dd671d1c722014ca062a9c35d60885d57e5375db0404b5/yarl-1.23.0-cp314-cp314-win32.whl", hash = "sha256:c8aa34a5c864db1087d911a0b902d60d203ea3607d91f615acd3f3108ac32169", size = 83871 },
    { url = "https://files.pythonhosted.org/packages/a9/5b/9b92f54c784c26e2a422e55a8d2607ab15b7ea3349e28359282f84f01d43/yarl-1.23.0-cp314-cp314-win_amd64.whl", hash = "sha256:63e92247f383c85ab00dd0091e8c3fa331a96e865459f5ee80353c70a4a42d70", size = 89093 },
    { url = "https://files.pythonhosted.org/packages/e0/7d/8a84dc9381fd4412d5e7ff04926f9865f6372b4c2fd91e10092e65d29eb8/yarl-1.23.0-cp314-cp314-win_arm64.whl", hash = "sha256:70efd20be968c76ece7baa8dafe04c5be06abc57f754d6f36f3741f7aa7a208e", size = 83384 },
    { url = "https://files.pythonhosted.org/packages/dd/8d/d2fad34b1c08aa161b74394183daa7d800141aaaee207317e82c790b418d/yarl-1.23.0-cp314-cp314t-macosx_10_15_universal2.whl", hash = "sha256:9a18d6f9359e45722c064c97464ec883eb0e0366d33eda61cb19a244bf222679", size = 131019 },
    { url = "https://files.pythonhosted.org/packages/19/ff/33009a39d3ccf4b94d7d7880dfe17fb5816c5a4fe0096d9b56abceea9ac7/yarl-1.23.0-cp314-cp314t-macosx_10_15_x86_64.whl", hash = "sha256:2803ed8b21ca47a43da80a6fd1ed3019d30061f7061daa35ac54f63933409412", size = 89894 },
    { url = "https://files.pythonhosted.org/packages/0c/f1/dab7ac5e7306fb79c0190766a3c00b4cb8d09a1f390ded68c85a5934faf5/yarl-1.23.0-cp314-cp314t-macosx_11_0_arm64.whl", hash = "sha256:394906945aa8b19fc14a61cf69743a868bb8c465efe85eee687109cc540b98f4", size = 89979 },
    { url = "https://files.pythonhosted.org/packages/aa/b1/08e95f3caee1fad6e65017b9f26c1d79877b502622d60e517de01e72f95d/yarl-1.23.0-cp314-cp314t-manylinux2014_aarch64.manylinux_2_17_aarch64.manylinux_2_28_aarch64.whl", hash = "sha256:71d006bee8397a4a89f469b8deb22469fe7508132d3c17fa6ed871e79832691c", size = 95943 },
    { url = "https://files.pythonhosted.org/packages/c0/cc/6409f9018864a6aa186c61175b977131f373f1988e198e031236916e87e4/yarl-1.23.0-cp314-cp314t-manylinux2014_armv7l.manylinux_2_17_armv7l.manylinux_2_31_armv7l.whl", hash = "sha256:62694e275c93d54f7ccedcfef57d42761b2aad5234b6be1f3e3026cae4001cd4", size = 88786 },
    { url = "https://files.pythonhosted.org/packages/76/40/cc22d1d7714b717fde2006fad2ced5efe5580606cb059ae42117542122f3/yarl-1.23.0-cp314-cp314t-manylinux2014_ppc64le.manylinux_2_17_ppc64le.manylinux_2_28_ppc64le.whl", hash = "sha256:a31de1613658308efdb21ada98cbc86a97c181aa050ba22a808120bb5be3ab94", size = 101307 },
    { url = "https://files.pythonhosted.org/packages/8f/0d/476c38e85ddb4c6ec6b20b815bdd779aa386a013f3d8b85516feee55c8dc/yarl-1.23.0-cp314-cp314t-manylinux2014_s390x.manylinux_2_17_s390x.manylinux_2_28_s390x.whl", hash = "sha256:fb1e8b8d66c278b21d13b0a7ca22c41dd757a7c209c6b12c313e445c31dd3b28", size = 100904 },
    { url = "https://files.pythonhosted.org/packages/72/32/0abe4a76d59adf2081dcb0397168553ece4616ada1c54d1c49d8936c74f8/yarl-1.23.0-cp314-cp314t-manylinux2014_x86_64.manylinux_2_17_x86_64.manylinux_2_28_x86_64.whl", hash = "sha256:50f9d8d531dfb767c565f348f33dd5139a6c43f5cbdf3f67da40d54241df93f6", size = 97728 },
    { url = "https://files.pythonhosted.org/packages/b7/35/7b30f4810fba112f60f5a43237545867504e15b1c7647a785fbaf588fac2/yarl-1.23.0-cp314-cp314t-manylinux_2_31_riscv64.manylinux_2_39_riscv64.whl", hash = "sha256:575aa4405a656e61a540f4a80eaa5260f2a38fff7bfdc4b5f611840d76e9e277", size = 95964 },
    { url = "https://files.pythonhosted.org/packages/2d/86/ed7a73ab85ef00e8bb70b0cb5421d8a2a625b81a333941a469a6f4022828/yarl-1.23.0-cp314-cp314t-musllinux_1_2_aarch64.whl", hash = "sha256:041b1a4cefacf65840b4e295c6985f334ba83c30607441ae3cf206a0eed1a2e4", size = 95882 },
    { url = "https://files.pythonhosted.org/packages/19/90/d56967f61a29d8498efb7afb651e0b2b422a1e9b47b0ab5f4e40a19b699b/yarl-1.23.0-cp314-cp314t-musllinux_1_2_armv7l.whl", hash = "sha256:d38c1e8231722c4ce40d7593f28d92b5fc72f3e9774fe73d7e800ec32299f63a", size = 90797 },
    { url = "https://files.pythonhosted.org/packages/72/00/8b8f76909259f56647adb1011d7ed8b321bcf97e464515c65016a47ecdf0/yarl-1.23.0-cp314-cp314t-musllinux_1_2_ppc64le.whl", hash = "sha256:d53834e23c015ee83a99377db6e5e37d8484f333edb03bd15b4bc312cc7254fb", size = 101023 },
    { url = "https://files.pythonhosted.org/packages/ac/e2/cab11b126fb7d440281b7df8e9ddbe4851e70a4dde47a202b6642586b8d9/yarl-1.23.0-cp314-cp314t-musllinux_1_2_riscv64.whl", hash = "sha256:2e27c8841126e017dd2a054a95771569e6070b9ee1b133366d8b31beb5018a41", size = 96227 },
    { url = "https://files.pythonhosted.org/packages/c2/9b/2c893e16bfc50e6b2edf76c1a9eb6cb0c744346197e74c65e99ad8d634d0/yarl-1.23.0-cp314-cp314t-musllinux_1_2_s390x.whl", hash = "sha256:76855800ac56f878847a09ce6dba727c93ca2d89c9e9d63002d26b916810b0a2", size = 100302 },
    { url = "https://files.pythonhosted.org/packages/28/ec/5498c4e3a6d5f1003beb23405671c2eb9cdbf3067d1c80f15eeafe301010/yarl-1.23.0-cp314-cp314t-musllinux_1_2_x86_64.whl", hash = "sha256:e09fd068c2e169a7070d83d3bde728a4d48de0549f975290be3c108c02e499b4", size = 98202 },
    { url = "https://files.pythonhosted.org/packages/fe/c3/cd737e2d45e70717907f83e146f6949f20cc23cd4bf7b2688727763aa458/yarl-1.23.0-cp314-cp314t-win32.whl", hash = "sha256:73309162a6a571d4cbd3b6a1dcc703c7311843ae0d1578df6f09be4e98df38d4", size = 90558 },
    { url = "https://files.pythonhosted.org/packages/e1/19/3774d162f6732d1cfb0b47b4140a942a35ca82bb19b6db1f80e9e7bdc8f8/yarl-1.23.0-cp314-cp314t-win_amd64.whl", hash = "sha256:4503053d296bc6e4cbd1fad61cf3b6e33b939886c4f249ba7c78b602214fabe2", size = 97610 },
    { url = "https://files.pythonhosted.org/packages/51/47/3fa2286c3cb162c71cdb34c4224d5745a1ceceb391b2bd9b19b668a8d724/yarl-1.23.0-cp314-cp314t-win_arm64.whl", hash = "sha256:44bb7bef4ea409384e3f8bc36c063d77ea1b8d4a5b2706956c0d6695f07dcc25", size = 86041 },
    { url = "https://files.pythonhosted.org/packages/69/68/c8739671f5699c7dc470580a4f821ef37c32c4cb0b047ce223a7f115757f/yarl-1.23.0-py3-none-any.whl", hash = "sha256:a2df6afe50dea8ae15fa34c9f824a3ee958d785fd5d089063d960bae1daa0a3f", size = 48288 },
]
