version = 1
revision = 1
requires-python = "==3.14.*"

[[package]]
name = "altgraph"
version = "0.17.5"
source = { registry = "https://pypi.org/simple" }
sdist = { url = "https://files.pythonhosted.org/packages/7e/f8/97fdf103f38fed6792a1601dbc16cc8aac56e7459a9fff08c812d8ae177a/altgraph-0.17.5.tar.gz", hash = "sha256:c87b395dd12fabde9c99573a9749d67da8d29ef9de0125c7f536699b4a9bc9e7", size = 48428 }
wheels = [
    { url = "https://files.pythonhosted.org/packages/a9/ba/000a1996d4308bc65120167c21241a3b205464a2e0b58deda26ae8ac21d1/altgraph-0.17.5-py2.py3-none-any.whl", hash = "sha256:f3a22400bce1b0c701683820ac4f3b159cd301acab067c51c653e06961600597", size = 21228 },
]

[[package]]
name = "gestalt-sdk"
version = "0.0.1a13"
source = { registry = "https://pypi.org/simple" }
dependencies = [
    { name = "grpcio" },
    { name = "protobuf" },
    { name = "pyinstaller" },
    { name = "pyyaml" },
    { name = "tomli" },
    { name = "typing-extensions" },
]
sdist = { url = "https://files.pythonhosted.org/packages/b3/c0/c8fe6e797fc3f8587eab183bab7a0aefa66ce3367f7df2d343e378e7dd0a/gestalt_sdk-0.0.1a13.tar.gz", hash = "sha256:5a05c3c8b9d5f581ed32448aeca9e5fa047d63276321db1778caece21305a4d6", size = 101443 }
wheels = [
    { url = "https://files.pythonhosted.org/packages/96/1f/3c20d6393a027145014e3dba748275a01540fa1efc808e3265fb8d4e2fe3/gestalt_sdk-0.0.1a13-py3-none-any.whl", hash = "sha256:eb4585bbb4065da9b39cf6fad0578ab6c1b82514a2a3b07168bb9bfc522a9fac", size = 100789 },
]

[[package]]
name = "gestalt-slack"
version = "0.0.1a2"
source = { virtual = "." }
dependencies = [
    { name = "gestalt-sdk" },
]

[package.dev-dependencies]
dev = [
    { name = "ruff" },
    { name = "ty" },
    { name = "vulture" },
]

[package.metadata]
requires-dist = [{ name = "gestalt-sdk", specifier = "==0.0.1a13" }]

[package.metadata.requires-dev]
dev = [
    { name = "ruff", specifier = "==0.15.9" },
    { name = "ty", specifier = "==0.0.29" },
    { name = "vulture", specifier = "==2.16" },
]

[[package]]
name = "grpcio"
version = "1.80.0"
source = { registry = "https://pypi.org/simple" }
dependencies = [
    { name = "typing-extensions" },
]
sdist = { url = "https://files.pythonhosted.org/packages/b7/48/af6173dbca4454f4637a4678b67f52ca7e0c1ed7d5894d89d434fecede05/grpcio-1.80.0.tar.gz", hash = "sha256:29aca15edd0688c22ba01d7cc01cb000d72b2033f4a3c72a81a19b56fd143257", size = 12978905 }
wheels = [
    { url = "https://files.pythonhosted.org/packages/c5/6d/e65307ce20f5a09244ba9e9d8476e99fb039de7154f37fb85f26978b59c3/grpcio-1.80.0-cp314-cp314-linux_armv7l.whl", hash = "sha256:3d4147a97c8344d065d01bbf8b6acec2cf86fb0400d40696c8bdad34a64ffc0e", size = 6017376 },
    { url = "https://files.pythonhosted.org/packages/69/10/9cef5d9650c72625a699c549940f0abb3c4bfdb5ed45a5ce431f92f31806/grpcio-1.80.0-cp314-cp314-macosx_11_0_universal2.whl", hash = "sha256:d8e11f167935b3eb089ac9038e1a063e6d7dbe995c0bb4a661e614583352e76f", size = 12018133 },
    { url = "https://files.pythonhosted.org/packages/04/82/983aabaad82ba26113caceeb9091706a0696b25da004fe3defb5b346e15b/grpcio-1.80.0-cp314-cp314-manylinux2014_aarch64.manylinux_2_17_aarch64.whl", hash = "sha256:f14b618fc30de822681ee986cfdcc2d9327229dc4c98aed16896761cacd468b9", size = 6574748 },
    { url = "https://files.pythonhosted.org/packages/07/d7/031666ef155aa0bf399ed7e19439656c38bbd143779ae0861b038ce82abd/grpcio-1.80.0-cp314-cp314-manylinux2014_i686.manylinux_2_17_i686.whl", hash = "sha256:4ed39fbdcf9b87370f6e8df4e39ca7b38b3e5e9d1b0013c7b6be9639d6578d14", size = 7277711 },
    { url = "https://files.pythonhosted.org/packages/e8/43/f437a78f7f4f1d311804189e8f11fb311a01049b2e08557c1068d470cb2e/grpcio-1.80.0-cp314-cp314-manylinux2014_x86_64.manylinux_2_17_x86_64.whl", hash = "sha256:2dcc70e9f0ba987526e8e8603a610fb4f460e42899e74e7a518bf3c68fe1bf05", size = 6785372 },
    { url = "https://files.pythonhosted.org/packages/93/3d/f6558e9c6296cb4227faa5c43c54a34c68d32654b829f53288313d16a86e/grpcio-1.80.0-cp314-cp314-musllinux_1_2_aarch64.whl", hash = "sha256:448c884b668b868562b1bda833c5fce6272d26e1926ec46747cda05741d302c1", size = 7395268 },
    { url = "https://files.pythonhosted.org/packages/06/21/0fdd77e84720b08843c371a2efa6f2e19dbebf56adc72df73d891f5506f0/grpcio-1.80.0-cp314-cp314-musllinux_1_2_i686.whl", hash = "sha256:a1dc80fe55685b4a543555e6eef975303b36c8db1023b1599b094b92aa77965f", size = 8392000 },
    { url = "https://files.pythonhosted.org/packages/f5/68/67f4947ed55d2e69f2cc199ab9fd85e0a0034d813bbeef84df6d2ba4d4b7/grpcio-1.80.0-cp314-cp314-musllinux_1_2_x86_64.whl", hash = "sha256:31b9ac4ad1aa28ffee5503821fafd09e4da0a261ce1c1281c6c8da0423c83b6e", size = 7828477 },
    { url = "https://files.pythonhosted.org/packages/44/b6/8d4096691b2e385e8271911a0de4f35f0a6c7d05aff7098e296c3de86939/grpcio-1.80.0-cp314-cp314-win32.whl", hash = "sha256:367ce30ba67d05e0592470428f0ec1c31714cab9ef19b8f2e37be1f4c7d32fae", size = 4218563 },
    { url = "https://files.pythonhosted.org/packages/e5/8c/bbe6baf2557262834f2070cf668515fa308b2d38a4bbf771f8f7872a7036/grpcio-1.80.0-cp314-cp314-win_amd64.whl", hash = "sha256:3b01e1f5464c583d2f567b2e46ff0d516ef979978f72091fd81f5ab7fa6e2e7f", size = 5019457 },
]

[[package]]
name = "macholib"
version = "1.16.4"
source = { registry = "https://pypi.org/simple" }
dependencies = [
    { name = "altgraph" },
]
sdist = { url = "https://files.pythonhosted.org/packages/10/2f/97589876ea967487978071c9042518d28b958d87b17dceb7cdc1d881f963/macholib-1.16.4.tar.gz", hash = "sha256:f408c93ab2e995cd2c46e34fe328b130404be143469e41bc366c807448979362", size = 59427 }
wheels = [
    { url = "https://files.pythonhosted.org/packages/c7/d1/a9f36f8ecdf0fb7c9b1e78c8d7af12b8c8754e74851ac7b94a8305540fc7/macholib-1.16.4-py2.py3-none-any.whl", hash = "sha256:da1a3fa8266e30f0ce7e97c6a54eefaae8edd1e5f86f3eb8b95457cae90265ea", size = 38117 },
]

[[package]]
name = "packaging"
version = "26.1"
source = { registry = "https://pypi.org/simple" }
sdist = { url = "https://files.pythonhosted.org/packages/df/de/0d2b39fb4af88a0258f3bac87dfcbb48e73fbdea4a2ed0e2213f9a4c2f9a/packaging-26.1.tar.gz", hash = "sha256:f042152b681c4bfac5cae2742a55e103d27ab2ec0f3d88037136b6bfe7c9c5de", size = 215519 }
wheels = [
    { url = "https://files.pythonhosted.org/packages/7a/c2/920ef838e2f0028c8262f16101ec09ebd5969864e5a64c4c05fad0617c56/packaging-26.1-py3-none-any.whl", hash = "sha256:5d9c0669c6285e491e0ced2eee587eaf67b670d94a19e94e3984a481aba6802f", size = 95831 },
]

[[package]]
name = "pefile"
version = "2024.8.26"
source = { registry = "https://pypi.org/simple" }
sdist = { url = "https://files.pythonhosted.org/packages/03/4f/2750f7f6f025a1507cd3b7218691671eecfd0bbebebe8b39aa0fe1d360b8/pefile-2024.8.26.tar.gz", hash = "sha256:3ff6c5d8b43e8c37bb6e6dd5085658d658a7a0bdcd20b6a07b1fcfc1c4e9d632", size = 76008 }
wheels = [
    { url = "https://files.pythonhosted.org/packages/54/16/12b82f791c7f50ddec566873d5bdd245baa1491bac11d15ffb98aecc8f8b/pefile-2024.8.26-py3-none-any.whl", hash = "sha256:76f8b485dcd3b1bb8166f1128d395fa3d87af26360c2358fb75b80019b957c6f", size = 74766 },
]

[[package]]
name = "protobuf"
version = "7.34.1"
source = { registry = "https://pypi.org/simple" }
sdist = { url = "https://files.pythonhosted.org/packages/6b/6b/a0e95cad1ad7cc3f2c6821fcab91671bd5b78bd42afb357bb4765f29bc41/protobuf-7.34.1.tar.gz", hash = "sha256:9ce42245e704cc5027be797c1db1eb93184d44d1cdd71811fb2d9b25ad541280", size = 454708 }
wheels = [
    { url = "https://files.pythonhosted.org/packages/ec/11/3325d41e6ee15bf1125654301211247b042563bcc898784351252549a8ad/protobuf-7.34.1-cp310-abi3-macosx_10_9_universal2.whl", hash = "sha256:d8b2cc79c4d8f62b293ad9b11ec3aebce9af481fa73e64556969f7345ebf9fc7", size = 429247 },
    { url = "https://files.pythonhosted.org/packages/eb/9d/aa69df2724ff63efa6f72307b483ce0827f4347cc6d6df24b59e26659fef/protobuf-7.34.1-cp310-abi3-manylinux2014_aarch64.whl", hash = "sha256:5185e0e948d07abe94bb76ec9b8416b604cfe5da6f871d67aad30cbf24c3110b", size = 325753 },
    { url = "https://files.pythonhosted.org/packages/92/e8/d174c91fd48e50101943f042b09af9029064810b734e4160bbe282fa1caa/protobuf-7.34.1-cp310-abi3-manylinux2014_s390x.whl", hash = "sha256:403b093a6e28a960372b44e5eb081775c9b056e816a8029c61231743d63f881a", size = 340198 },
    { url = "https://files.pythonhosted.org/packages/53/1b/3b431694a4dc6d37b9f653f0c64b0a0d9ec074ee810710c0c3da21d67ba7/protobuf-7.34.1-cp310-abi3-manylinux2014_x86_64.whl", hash = "sha256:8ff40ce8cd688f7265326b38d5a1bed9bfdf5e6723d49961432f83e21d5713e4", size = 324267 },
    { url = "https://files.pythonhosted.org/packages/85/29/64de04a0ac142fb685fd09999bc3d337943fb386f3a0ec57f92fd8203f97/protobuf-7.34.1-cp310-abi3-win32.whl", hash = "sha256:34b84ce27680df7cca9f231043ada0daa55d0c44a2ddfaa58ec1d0d89d8bf60a", size = 426628 },
    { url = "https://files.pythonhosted.org/packages/4d/87/cb5e585192a22b8bd457df5a2c16a75ea0db9674c3a0a39fc9347d84e075/protobuf-7.34.1-cp310-abi3-win_amd64.whl", hash = "sha256:e97b55646e6ce5cbb0954a8c28cd39a5869b59090dfaa7df4598a7fba869468c", size = 437901 },
    { url = "https://files.pythonhosted.org/packages/88/95/608f665226bca68b736b79e457fded9a2a38c4f4379a4a7614303d9db3bc/protobuf-7.34.1-py3-none-any.whl", hash = "sha256:bb3812cd53aefea2b028ef42bd780f5b96407247f20c6ef7c679807e9d188f11", size = 170715 },
]

[[package]]
name = "pyinstaller"
version = "6.19.0"
source = { registry = "https://pypi.org/simple" }
dependencies = [
    { name = "altgraph" },
    { name = "macholib", marker = "sys_platform == 'darwin'" },
    { name = "packaging" },
    { name = "pefile", marker = "sys_platform == 'win32'" },
    { name = "pyinstaller-hooks-contrib" },
    { name = "pywin32-ctypes", marker = "sys_platform == 'win32'" },
    { name = "setuptools" },
]
sdist = { url = "https://files.pythonhosted.org/packages/c8/63/fd62472b6371d89dc138d40c36d87a50dc2de18a035803bbdc376b4ffac4/pyinstaller-6.19.0.tar.gz", hash = "sha256:ec73aeb8bd9b7f2f1240d328a4542e90b3c6e6fbc106014778431c616592a865", size = 4036072 }
wheels = [
    { url = "https://files.pythonhosted.org/packages/e3/eb/23374721fecfa72677e79800921cb6aceefa6ba48574dc404f3f6c6c3be7/pyinstaller-6.19.0-py3-none-macosx_10_13_universal2.whl", hash = "sha256:4190e76b74f0c4b5c5f11ac360928cd2e36ec8e3194d437bf6b8648c7bc0c134", size = 1040563 },
    { url = "https://files.pythonhosted.org/packages/cd/7e/dfd724b0b533f5aaec0ee5df406fe2319987ed6964480a706f85478b12ea/pyinstaller-6.19.0-py3-none-manylinux2014_aarch64.whl", hash = "sha256:8bd68abd812d8a6ba33b9f1810e91fee0f325969733721b78151f0065319ca11", size = 735477 },
    { url = "https://files.pythonhosted.org/packages/88/c9/ee3a4101c31f26344e66896c73c1fd6ed8282bf871473365b7f8674af406/pyinstaller-6.19.0-py3-none-manylinux2014_i686.whl", hash = "sha256:1ec54ef967996ca61dacba676227e2b23219878ccce5ee9d6f3aada7b8ed8abf", size = 747143 },
    { url = "https://files.pythonhosted.org/packages/da/0a/fc77e9f861be8cf300ac37155f59cc92aff99b29f2ddd78546f563a5b5a6/pyinstaller-6.19.0-py3-none-manylinux2014_ppc64le.whl", hash = "sha256:4ab2bb52e58448e14ddf9450601bdedd66800465043501c1d8f1cab87b60b122", size = 744849 },
    { url = "https://files.pythonhosted.org/packages/6d/e3/6872e020ee758afe0b821663858492c10745608b07150e5e2c824a5b3e1c/pyinstaller-6.19.0-py3-none-manylinux2014_s390x.whl", hash = "sha256:da6d5c6391ccefe73554b9fa29b86001c8e378e0f20c2a4004f836ba537eff63", size = 741590 },
    { url = "https://files.pythonhosted.org/packages/53/60/b8db5f1a4b0fb228175f2ea0aa33f949adcc097fbe981cc524f9faf85777/pyinstaller-6.19.0-py3-none-manylinux2014_x86_64.whl", hash = "sha256:a0fc5f6b3c55aa54353f0c74ffa59b1115433c1850c6f655d62b461a2ed6cbbe", size = 741448 },
    { url = "https://files.pythonhosted.org/packages/6f/4d/63b0600f2694e9141b83129fbc1c488ec84d5a0770b1448ec154dcd0fee9/pyinstaller-6.19.0-py3-none-musllinux_1_1_aarch64.whl", hash = "sha256:e649ba6bd1b0b89b210ad92adb5fbdc8a42dd2c5ca4f72ef3a0bfec83a424b83", size = 740613 },
    { url = "https://files.pythonhosted.org/packages/01/d4/e812ad36178093a0e9fd4b8127577748dd85b0cb71de912229dca21fd741/pyinstaller-6.19.0-py3-none-musllinux_1_1_x86_64.whl", hash = "sha256:481a909c8e60c8692fc60fcb1344d984b44b943f8bc9682f2fcdae305ad297e6", size = 740350 },
    { url = "https://files.pythonhosted.org/packages/52/03/b2c2ee41fb8e10fd2a45d21f5ec2ef25852cfb978dbf762972eed59e3d63/pyinstaller-6.19.0-py3-none-win32.whl", hash = "sha256:3c5c251054fe4cfaa04c34a363dcfbf811545438cb7198304cd444756bc2edd2", size = 1324317 },
    { url = "https://files.pythonhosted.org/packages/9c/d3/6d5e62b8270e2b53a6065e281b3a7785079b00e9019c8019952828dd1669/pyinstaller-6.19.0-py3-none-win_amd64.whl", hash = "sha256:b5bb6536c6560330d364d91522250f254b107cf69129d9cbcd0e6727c570be33", size = 1384894 },
    { url = "https://files.pythonhosted.org/packages/81/65/458cd523308a101a22fd2742893405030cc24994cc74b1b767cecf137160/pyinstaller-6.19.0-py3-none-win_arm64.whl", hash = "sha256:c2d5a539b0bfe6159d5522c8c70e1c0e487f22c2badae0f97d45246223b798ea", size = 1325374 },
]

[[package]]
name = "pyinstaller-hooks-contrib"
version = "2026.4"
source = { registry = "https://pypi.org/simple" }
dependencies = [
    { name = "packaging" },
    { name = "setuptools" },
]
sdist = { url = "https://files.pythonhosted.org/packages/c7/fe/9278c29394bf69169febc21f96b4252c3ee7c8ec22c2fc545004bed47e71/pyinstaller_hooks_contrib-2026.4.tar.gz", hash = "sha256:766c281acb1ecc32e21c8c667056d7ebf5da0aabd5e30c219f9c2a283620eeaa", size = 173050 }
wheels = [
    { url = "https://files.pythonhosted.org/packages/88/f4/035fb8c06deff827f540a9a4ed9122c54e5376fca3e42eddf0c263730775/pyinstaller_hooks_contrib-2026.4-py3-none-any.whl", hash = "sha256:1de1a5e49a878122010b88c7e295502bc69776c157c4a4dc78741a4e6178b00f", size = 455496 },
]

[[package]]
name = "pywin32-ctypes"
version = "0.2.3"
source = { registry = "https://pypi.org/simple" }
sdist = { url = "https://files.pythonhosted.org/packages/85/9f/01a1a99704853cb63f253eea009390c88e7131c67e66a0a02099a8c917cb/pywin32-ctypes-0.2.3.tar.gz", hash = "sha256:d162dc04946d704503b2edc4d55f3dba5c1d539ead017afa00142c38b9885755", size = 29471 }
wheels = [
    { url = "https://files.pythonhosted.org/packages/de/3d/8161f7711c017e01ac9f008dfddd9410dff3674334c233bde66e7ba65bbf/pywin32_ctypes-0.2.3-py3-none-any.whl", hash = "sha256:8a1513379d709975552d202d942d9837758905c8d01eb82b8bcc30918929e7b8", size = 30756 },
]

[[package]]
name = "pyyaml"
version = "6.0.3"
source = { registry = "https://pypi.org/simple" }
sdist = { url = "https://files.pythonhosted.org/packages/05/8e/961c0007c59b8dd7729d542c61a4d537767a59645b82a0b521206e1e25c2/pyyaml-6.0.3.tar.gz", hash = "sha256:d76623373421df22fb4cf8817020cbb7ef15c725b9d5e45f17e189bfc384190f", size = 130960 }
wheels = [
    { url = "https://files.pythonhosted.org/packages/9d/8c/f4bd7f6465179953d3ac9bc44ac1a8a3e6122cf8ada906b4f96c60172d43/pyyaml-6.0.3-cp314-cp314-macosx_10_13_x86_64.whl", hash = "sha256:8d1fab6bb153a416f9aeb4b8763bc0f22a5586065f86f7664fc23339fc1c1fac", size = 181814 },
    { url = "https://files.pythonhosted.org/packages/bd/9c/4d95bb87eb2063d20db7b60faa3840c1b18025517ae857371c4dd55a6b3a/pyyaml-6.0.3-cp314-cp314-macosx_11_0_arm64.whl", hash = "sha256:34d5fcd24b8445fadc33f9cf348c1047101756fd760b4dacb5c3e99755703310", size = 173809 },
    { url = "https://files.pythonhosted.org/packages/92/b5/47e807c2623074914e29dabd16cbbdd4bf5e9b2db9f8090fa64411fc5382/pyyaml-6.0.3-cp314-cp314-manylinux2014_aarch64.manylinux_2_17_aarch64.manylinux_2_28_aarch64.whl", hash = "sha256:501a031947e3a9025ed4405a168e6ef5ae3126c59f90ce0cd6f2bfc477be31b7", size = 766454 },
    { url = "https://files.pythonhosted.org/packages/02/9e/e5e9b168be58564121efb3de6859c452fccde0ab093d8438905899a3a483/pyyaml-6.0.3-cp314-cp314-manylinux2014_s390x.manylinux_2_17_s390x.manylinux_2_28_s390x.whl", hash = "sha256:b3bc83488de33889877a0f2543ade9f70c67d66d9ebb4ac959502e12de895788", size = 836355 },
    { url = "https://files.pythonhosted.org/packages/88/f9/16491d7ed2a919954993e48aa941b200f38040928474c9e85ea9e64222c3/pyyaml-6.0.3-cp314-cp314-manylinux2014_x86_64.manylinux_2_17_x86_64.manylinux_2_28_x86_64.whl", hash = "sha256:c458b6d084f9b935061bc36216e8a69a7e293a2f1e68bf956dcd9e6cbcd143f5", size = 794175 },
    { url = "https://files.pythonhosted.org/packages/dd/3f/5989debef34dc6397317802b527dbbafb2b4760878a53d4166579111411e/pyyaml-6.0.3-cp314-cp314-musllinux_1_2_aarch64.whl", hash = "sha256:7c6610def4f163542a622a73fb39f534f8c101d690126992300bf3207eab9764", size = 755228 },
    { url = "https://files.pythonhosted.org/packages/d7/ce/af88a49043cd2e265be63d083fc75b27b6ed062f5f9fd6cdc223ad62f03e/pyyaml-6.0.3-cp314-cp314-musllinux_1_2_x86_64.whl", hash = "sha256:5190d403f121660ce8d1d2c1bb2ef1bd05b5f68533fc5c2ea899bd15f4399b35", size = 789194 },
    { url = "https://files.pythonhosted.org/packages/23/20/bb6982b26a40bb43951265ba29d4c246ef0ff59c9fdcdf0ed04e0687de4d/pyyaml-6.0.3-cp314-cp314-win_amd64.whl", hash = "sha256:4a2e8cebe2ff6ab7d1050ecd59c25d4c8bd7e6f400f5f82b96557ac0abafd0ac", size = 156429 },
    { url = "https://files.pythonhosted.org/packages/f4/f4/a4541072bb9422c8a883ab55255f918fa378ecf083f5b85e87fc2b4eda1b/pyyaml-6.0.3-cp314-cp314-win_arm64.whl", hash = "sha256:93dda82c9c22deb0a405ea4dc5f2d0cda384168e466364dec6255b293923b2f3", size = 143912 },
    { url = "https://files.pythonhosted.org/packages/7c/f9/07dd09ae774e4616edf6cda684ee78f97777bdd15847253637a6f052a62f/pyyaml-6.0.3-cp314-cp314t-macosx_10_13_x86_64.whl", hash = "sha256:02893d100e99e03eda1c8fd5c441d8c60103fd175728e23e431db1b589cf5ab3", size = 189108 },
    { url = "https://files.pythonhosted.org/packages/4e/78/8d08c9fb7ce09ad8c38ad533c1191cf27f7ae1effe5bb9400a46d9437fcf/pyyaml-6.0.3-cp314-cp314t-macosx_11_0_arm64.whl", hash = "sha256:c1ff362665ae507275af2853520967820d9124984e0f7466736aea23d8611fba", size = 183641 },
    { url = "https://files.pythonhosted.org/packages/7b/5b/3babb19104a46945cf816d047db2788bcaf8c94527a805610b0289a01c6b/pyyaml-6.0.3-cp314-cp314t-manylinux2014_aarch64.manylinux_2_17_aarch64.manylinux_2_28_aarch64.whl", hash = "sha256:6adc77889b628398debc7b65c073bcb99c4a0237b248cacaf3fe8a557563ef6c", size = 831901 },
    { url = "https://files.pythonhosted.org/packages/8b/cc/dff0684d8dc44da4d22a13f35f073d558c268780ce3c6ba1b87055bb0b87/pyyaml-6.0.3-cp314-cp314t-manylinux2014_s390x.manylinux_2_17_s390x.manylinux_2_28_s390x.whl", hash = "sha256:a80cb027f6b349846a3bf6d73b5e95e782175e52f22108cfa17876aaeff93702", size = 861132 },
    { url = "https://files.pythonhosted.org/packages/b1/5e/f77dc6b9036943e285ba76b49e118d9ea929885becb0a29ba8a7c75e29fe/pyyaml-6.0.3-cp314-cp314t-manylinux2014_x86_64.manylinux_2_17_x86_64.manylinux_2_28_x86_64.whl", hash = "sha256:00c4bdeba853cc34e7dd471f16b4114f4162dc03e6b7afcc2128711f0eca823c", size = 839261 },
    { url = "https://files.pythonhosted.org/packages/ce/88/a9db1376aa2a228197c58b37302f284b5617f56a5d959fd1763fb1675ce6/pyyaml-6.0.3-cp314-cp314t-musllinux_1_2_aarch64.whl", hash = "sha256:66e1674c3ef6f541c35191caae2d429b967b99e02040f5ba928632d9a7f0f065", size = 805272 },
    { url = "https://files.pythonhosted.org/packages/da/92/1446574745d74df0c92e6aa4a7b0b3130706a4142b2d1a5869f2eaa423c6/pyyaml-6.0.3-cp314-cp314t-musllinux_1_2_x86_64.whl", hash = "sha256:16249ee61e95f858e83976573de0f5b2893b3677ba71c9dd36b9cf8be9ac6d65", size = 829923 },
    { url = "https://files.pythonhosted.org/packages/f0/7a/1c7270340330e575b92f397352af856a8c06f230aa3e76f86b39d01b416a/pyyaml-6.0.3-cp314-cp314t-win_amd64.whl", hash = "sha256:4ad1906908f2f5ae4e5a8ddfce73c320c2a1429ec52eafd27138b7f1cbe341c9", size = 174062 },
    { url = "https://files.pythonhosted.org/packages/f1/12/de94a39c2ef588c7e6455cfbe7343d3b2dc9d6b6b2f40c4c6565744c873d/pyyaml-6.0.3-cp314-cp314t-win_arm64.whl", hash = "sha256:ebc55a14a21cb14062aa4162f906cd962b28e2e9ea38f9b4391244cd8de4ae0b", size = 149341 },
]

[[package]]
name = "ruff"
version = "0.15.9"
source = { registry = "https://pypi.org/simple" }
sdist = { url = "https://files.pythonhosted.org/packages/e6/97/e9f1ca355108ef7194e38c812ef40ba98c7208f47b13ad78d023caa583da/ruff-0.15.9.tar.gz", hash = "sha256:29cbb1255a9797903f6dde5ba0188c707907ff44a9006eb273b5a17bfa0739a2", size = 4617361 }
wheels = [
    { url = "https://files.pythonhosted.org/packages/0b/1f/9cdfd0ac4b9d1e5a6cf09bedabdf0b56306ab5e333c85c87281273e7b041/ruff-0.15.9-py3-none-linux_armv6l.whl", hash = "sha256:6efbe303983441c51975c243e26dff328aca11f94b70992f35b093c2e71801e1", size = 10511206 },
    { url = "https://files.pythonhosted.org/packages/3d/f6/32bfe3e9c136b35f02e489778d94384118bb80fd92c6d92e7ccd97db12ce/ruff-0.15.9-py3-none-macosx_10_12_x86_64.whl", hash = "sha256:4965bac6ac9ea86772f4e23587746f0b7a395eccabb823eb8bfacc3fa06069f7", size = 10923307 },
    { url = "https://files.pythonhosted.org/packages/ca/25/de55f52ab5535d12e7aaba1de37a84be6179fb20bddcbe71ec091b4a3243/ruff-0.15.9-py3-none-macosx_11_0_arm64.whl", hash = "sha256:eaf05aad70ca5b5a0a4b0e080df3a6b699803916d88f006efd1f5b46302daab8", size = 10316722 },
    { url = "https://files.pythonhosted.org/packages/48/11/690d75f3fd6278fe55fff7c9eb429c92d207e14b25d1cae4064a32677029/ruff-0.15.9-py3-none-manylinux_2_17_aarch64.manylinux2014_aarch64.whl", hash = "sha256:9439a342adb8725f32f92732e2bafb6d5246bd7a5021101166b223d312e8fc59", size = 10623674 },
    { url = "https://files.pythonhosted.org/packages/bd/ec/176f6987be248fc5404199255522f57af1b4a5a1b57727e942479fec98ad/ruff-0.15.9-py3-none-manylinux_2_17_armv7l.manylinux2014_armv7l.whl", hash = "sha256:9c5e6faf9d97c8edc43877c3f406f47446fc48c40e1442d58cfcdaba2acea745", size = 10351516 },
    { url = "https://files.pythonhosted.org/packages/b2/fc/51cffbd2b3f240accc380171d51446a32aa2ea43a40d4a45ada67368fbd2/ruff-0.15.9-py3-none-manylinux_2_17_i686.manylinux2014_i686.whl", hash = "sha256:7b34a9766aeec27a222373d0b055722900fbc0582b24f39661aa96f3fe6ad901", size = 11150202 },
    { url = "https://files.pythonhosted.org/packages/d6/d4/25292a6dfc125f6b6528fe6af31f5e996e19bf73ca8e3ce6eb7fa5b95885/ruff-0.15.9-py3-none-manylinux_2_17_ppc64le.manylinux2014_ppc64le.whl", hash = "sha256:89dd695bc72ae76ff484ae54b7e8b0f6b50f49046e198355e44ea656e521fef9", size = 11988891 },
    { url = "https://files.pythonhosted.org/packages/13/e1/1eebcb885c10e19f969dcb93d8413dfee8172578709d7ee933640f5e7147/ruff-0.15.9-py3-none-manylinux_2_17_s390x.manylinux2014_s390x.whl", hash = "sha256:ce187224ef1de1bd225bc9a152ac7102a6171107f026e81f317e4257052916d5", size = 11480576 },
    { url = "https://files.pythonhosted.org/packages/ff/6b/a1548ac378a78332a4c3dcf4a134c2475a36d2a22ddfa272acd574140b50/ruff-0.15.9-py3-none-manylinux_2_17_x86_64.manylinux2014_x86_64.whl", hash = "sha256:2b0c7c341f68adb01c488c3b7d4b49aa8ea97409eae6462d860a79cf55f431b6", size = 11254525 },
    { url = "https://files.pythonhosted.org/packages/42/aa/4bb3af8e61acd9b1281db2ab77e8b2c3c5e5599bf2a29d4a942f1c62b8d6/ruff-0.15.9-py3-none-manylinux_2_31_riscv64.whl", hash = "sha256:55cc15eee27dc0eebdfcb0d185a6153420efbedc15eb1d38fe5e685657b0f840", size = 11204072 },
    { url = "https://files.pythonhosted.org/packages/69/48/d550dc2aa6e423ea0bcc1d0ff0699325ffe8a811e2dba156bd80750b86dc/ruff-0.15.9-py3-none-musllinux_1_2_aarch64.whl", hash = "sha256:a6537f6eed5cda688c81073d46ffdfb962a5f29ecb6f7e770b2dc920598997ed", size = 10594998 },
    { url = "https://files.pythonhosted.org/packages/63/47/321167e17f5344ed5ec6b0aa2cff64efef5f9e985af8f5622cfa6536043f/ruff-0.15.9-py3-none-musllinux_1_2_armv7l.whl", hash = "sha256:6d3fcbca7388b066139c523bda744c822258ebdcfbba7d24410c3f454cc9af71", size = 10359769 },
    { url = "https://files.pythonhosted.org/packages/67/5e/074f00b9785d1d2c6f8c22a21e023d0c2c1817838cfca4c8243200a1fa87/ruff-0.15.9-py3-none-musllinux_1_2_i686.whl", hash = "sha256:058d8e99e1bfe79d8a0def0b481c56059ee6716214f7e425d8e737e412d69677", size = 10850236 },
    { url = "https://files.pythonhosted.org/packages/76/37/804c4135a2a2caf042925d30d5f68181bdbd4461fd0d7739da28305df593/ruff-0.15.9-py3-none-musllinux_1_2_x86_64.whl", hash = "sha256:8e1ddb11dbd61d5983fa2d7d6370ef3eb210951e443cace19594c01c72abab4c", size = 11358343 },
    { url = "https://files.pythonhosted.org/packages/88/3d/1364fcde8656962782aa9ea93c92d98682b1ecec2f184e625a965ad3b4a6/ruff-0.15.9-py3-none-win32.whl", hash = "sha256:bde6ff36eaf72b700f32b7196088970bf8fdb2b917b7accd8c371bfc0fd573ec", size = 10583382 },
    { url = "https://files.pythonhosted.org/packages/4c/56/5c7084299bd2cacaa07ae63a91c6f4ba66edc08bf28f356b24f6b717c799/ruff-0.15.9-py3-none-win_amd64.whl", hash = "sha256:45a70921b80e1c10cf0b734ef09421f71b5aa11d27404edc89d7e8a69505e43d", size = 11744969 },
    { url = "https://files.pythonhosted.org/packages/03/36/76704c4f312257d6dbaae3c959add2a622f63fcca9d864659ce6d8d97d3d/ruff-0.15.9-py3-none-win_arm64.whl", hash = "sha256:0694e601c028fd97dc5c6ee244675bc241aeefced7ef80cd9c6935a871078f53", size = 11005870 },
]

[[package]]
name = "setuptools"
version = "82.0.1"
source = { registry = "https://pypi.org/simple" }
sdist = { url = "https://files.pythonhosted.org/packages/4f/db/cfac1baf10650ab4d1c111714410d2fbb77ac5a616db26775db562c8fab2/setuptools-82.0.1.tar.gz", hash = "sha256:7d872682c5d01cfde07da7bccc7b65469d3dca203318515ada1de5eda35efbf9", size = 1152316 }
wheels = [
    { url = "https://files.pythonhosted.org/packages/9d/76/f789f7a86709c6b087c5a2f52f911838cad707cc613162401badc665acfe/setuptools-82.0.1-py3-none-any.whl", hash = "sha256:a59e362652f08dcd477c78bb6e7bd9d80a7995bc73ce773050228a348ce2e5bb", size = 1006223 },
]

[[package]]
name = "tomli"
version = "2.4.1"
source = { registry = "https://pypi.org/simple" }
sdist = { url = "https://files.pythonhosted.org/packages/22/de/48c59722572767841493b26183a0d1cc411d54fd759c5607c4590b6563a6/tomli-2.4.1.tar.gz", hash = "sha256:7c7e1a961a0b2f2472c1ac5b69affa0ae1132c39adcb67aba98568702b9cc23f", size = 17543 }
wheels = [
    { url = "https://files.pythonhosted.org/packages/3c/fb/9a5c8d27dbab540869f7c1f8eb0abb3244189ce780ba9cd73f3770662072/tomli-2.4.1-cp314-cp314-macosx_10_15_x86_64.whl", hash = "sha256:fd0409a3653af6c147209d267a0e4243f0ae46b011aa978b1080359fddc9b6cf", size = 155726 },
    { url = "https://files.pythonhosted.org/packages/62/05/d2f816630cc771ad836af54f5001f47a6f611d2d39535364f148b6a92d6b/tomli-2.4.1-cp314-cp314-macosx_11_0_arm64.whl", hash = "sha256:a120733b01c45e9a0c34aeef92bf0cf1d56cfe81ed9d47d562f9ed591a9828ac", size = 149859 },
    { url = "https://files.pythonhosted.org/packages/ce/48/66341bdb858ad9bd0ceab5a86f90eddab127cf8b046418009f2125630ecb/tomli-2.4.1-cp314-cp314-manylinux2014_aarch64.manylinux_2_17_aarch64.manylinux_2_28_aarch64.whl", hash = "sha256:559db847dc486944896521f68d8190be1c9e719fced785720d2216fe7022b662", size = 244713 },
    { url = "https://files.pythonhosted.org/packages/df/6d/c5fad00d82b3c7a3ab6189bd4b10e60466f22cfe8a08a9394185c8a8111c/tomli-2.4.1-cp314-cp314-manylinux2014_x86_64.manylinux_2_17_x86_64.manylinux_2_28_x86_64.whl", hash = "sha256:01f520d4f53ef97964a240a035ec2a869fe1a37dde002b57ebc4417a27ccd853", size = 252084 },
    { url = "https://files.pythonhosted.org/packages/00/71/3a69e86f3eafe8c7a59d008d245888051005bd657760e96d5fbfb0b740c2/tomli-2.4.1-cp314-cp314-musllinux_1_2_aarch64.whl", hash = "sha256:7f94b27a62cfad8496c8d2513e1a222dd446f095fca8987fceef261225538a15", size = 247973 },
    { url = "https://files.pythonhosted.org/packages/67/50/361e986652847fec4bd5e4a0208752fbe64689c603c7ae5ea7cb16b1c0ca/tomli-2.4.1-cp314-cp314-musllinux_1_2_x86_64.whl", hash = "sha256:ede3e6487c5ef5d28634ba3f31f989030ad6af71edfb0055cbbd14189ff240ba", size = 256223 },
    { url = "https://files.pythonhosted.org/packages/8c/9a/b4173689a9203472e5467217e0154b00e260621caa227b6fa01feab16998/tomli-2.4.1-cp314-cp314-win32.whl", hash = "sha256:3d48a93ee1c9b79c04bb38772ee1b64dcf18ff43085896ea460ca8dec96f35f6", size = 98973 },
    { url = "https://files.pythonhosted.org/packages/14/58/640ac93bf230cd27d002462c9af0d837779f8773bc03dee06b5835208214/tomli-2.4.1-cp314-cp314-win_amd64.whl", hash = "sha256:88dceee75c2c63af144e456745e10101eb67361050196b0b6af5d717254dddf7", size = 109082 },
    { url = "https://files.pythonhosted.org/packages/d5/2f/702d5e05b227401c1068f0d386d79a589bb12bf64c3d2c72ce0631e3bc49/tomli-2.4.1-cp314-cp314-win_arm64.whl", hash = "sha256:b8c198f8c1805dc42708689ed6864951fd2494f924149d3e4bce7710f8eb5232", size = 96490 },
    { url = "https://files.pythonhosted.org/packages/45/4b/b877b05c8ba62927d9865dd980e34a755de541eb65fffba52b4cc495d4d2/tomli-2.4.1-cp314-cp314t-macosx_10_15_x86_64.whl", hash = "sha256:d4d8fe59808a54658fcc0160ecfb1b30f9089906c50b23bcb4c69eddc19ec2b4", size = 164263 },
    { url = "https://files.pythonhosted.org/packages/24/79/6ab420d37a270b89f7195dec5448f79400d9e9c1826df982f3f8e97b24fd/tomli-2.4.1-cp314-cp314t-macosx_11_0_arm64.whl", hash = "sha256:7008df2e7655c495dd12d2a4ad038ff878d4ca4b81fccaf82b714e07eae4402c", size = 160736 },
    { url = "https://files.pythonhosted.org/packages/02/e0/3630057d8eb170310785723ed5adcdfb7d50cb7e6455f85ba8a3deed642b/tomli-2.4.1-cp314-cp314t-manylinux2014_aarch64.manylinux_2_17_aarch64.manylinux_2_28_aarch64.whl", hash = "sha256:1d8591993e228b0c930c4bb0db464bdad97b3289fb981255d6c9a41aedc84b2d", size = 270717 },
    { url = "https://files.pythonhosted.org/packages/7a/b4/1613716072e544d1a7891f548d8f9ec6ce2faf42ca65acae01d76ea06bb0/tomli-2.4.1-cp314-cp314t-manylinux2014_x86_64.manylinux_2_17_x86_64.manylinux_2_28_x86_64.whl", hash = "sha256:734e20b57ba95624ecf1841e72b53f6e186355e216e5412de414e3c51e5e3c41", size = 278461 },
    { url = "https://files.pythonhosted.org/packages/05/38/30f541baf6a3f6df77b3df16b01ba319221389e2da59427e221ef417ac0c/tomli-2.4.1-cp314-cp314t-musllinux_1_2_aarch64.whl", hash = "sha256:8a650c2dbafa08d42e51ba0b62740dae4ecb9338eefa093aa5c78ceb546fcd5c", size = 274855 },
    { url = "https://files.pythonhosted.org/packages/77/a3/ec9dd4fd2c38e98de34223b995a3b34813e6bdadf86c75314c928350ed14/tomli-2.4.1-cp314-cp314t-musllinux_1_2_x86_64.whl", hash = "sha256:504aa796fe0569bb43171066009ead363de03675276d2d121ac1a4572397870f", size = 283144 },
    { url = "https://files.pythonhosted.org/packages/ef/be/605a6261cac79fba2ec0c9827e986e00323a1945700969b8ee0b30d85453/tomli-2.4.1-cp314-cp314t-win32.whl", hash = "sha256:b1d22e6e9387bf4739fbe23bfa80e93f6b0373a7f1b96c6227c32bef95a4d7a8", size = 108683 },
    { url = "https://files.pythonhosted.org/packages/12/64/da524626d3b9cc40c168a13da8335fe1c51be12c0a63685cc6db7308daae/tomli-2.4.1-cp314-cp314t-win_amd64.whl", hash = "sha256:2c1c351919aca02858f740c6d33adea0c5deea37f9ecca1cc1ef9e884a619d26", size = 121196 },
    { url = "https://files.pythonhosted.org/packages/5a/cd/e80b62269fc78fc36c9af5a6b89c835baa8af28ff5ad28c7028d60860320/tomli-2.4.1-cp314-cp314t-win_arm64.whl", hash = "sha256:eab21f45c7f66c13f2a9e0e1535309cee140182a9cdae1e041d02e47291e8396", size = 100393 },
    { url = "https://files.pythonhosted.org/packages/7b/61/cceae43728b7de99d9b847560c262873a1f6c98202171fd5ed62640b494b/tomli-2.4.1-py3-none-any.whl", hash = "sha256:0d85819802132122da43cb86656f8d1f8c6587d54ae7dcaf30e90533028b49fe", size = 14583 },
]

[[package]]
name = "ty"
version = "0.0.29"
source = { registry = "https://pypi.org/simple" }
sdist = { url = "https://files.pythonhosted.org/packages/47/d5/853561de49fae38c519e905b2d8da9c531219608f1fccc47a0fc2c896980/ty-0.0.29.tar.gz", hash = "sha256:e7936cca2f691eeda631876c92809688dbbab68687c3473f526cd83b6a9228d8", size = 5469221 }
wheels = [
    { url = "https://files.pythonhosted.org/packages/03/b7/911f9962115acfa24e3b2ec9d4992dd994c38e8769e1b1d7680bb4d28a51/ty-0.0.29-py3-none-linux_armv6l.whl", hash = "sha256:b8a40955f7660d3eaceb0d964affc81b790c0765e7052921a5f861ff8a471c30", size = 10568206 },
    { url = "https://files.pythonhosted.org/packages/fe/c3/fcae2167d4c77a97269f92f11d1b43b03617f81de1283d5d05b43432110c/ty-0.0.29-py3-none-macosx_10_12_x86_64.whl", hash = "sha256:6b6849adae15b00bbe2d3c5b078967dcb62eba37d38936b8eeb4c81a82d2e3b8", size = 10442530 },
    { url = "https://files.pythonhosted.org/packages/97/33/5a6bfa240cfcb9c36046ae2459fa9ea23238d20130d8656ff5ac4d6c012a/ty-0.0.29-py3-none-macosx_11_0_arm64.whl", hash = "sha256:dcdd9b17209788152f7b7ea815eda07989152325052fe690013537cc7904ce49", size = 9915735 },
    { url = "https://files.pythonhosted.org/packages/b3/1e/318f45fae232118e81a6306c30f50de42c509c412128d5bd231eab699ffb/ty-0.0.29-py3-none-manylinux_2_17_aarch64.manylinux2014_aarch64.whl", hash = "sha256:9d8ed4789bae78ffaf94462c0d25589a734cab0366b86f2bbcb1bb90e1a7a169", size = 10419748 },
    { url = "https://files.pythonhosted.org/packages/a9/a8/5687872e2ab5a0f7dd4fd8456eac31e9381ad4dc74961f6f29965ad4dd91/ty-0.0.29-py3-none-manylinux_2_17_armv7l.manylinux2014_armv7l.whl", hash = "sha256:91ec374b8565e0ad0900011c24641ebbef2da51adbd4fb69ff3280c8a7eceb02", size = 10394738 },
    { url = "https://files.pythonhosted.org/packages/de/68/015d118097eeb95e6a44c4abce4c0a28b7b9dfb3085b7f0ee48e4f099633/ty-0.0.29-py3-none-manylinux_2_17_i686.manylinux2014_i686.whl", hash = "sha256:298a8d5faa2502d3810bbbb47a030b9455495b9921594206043c785dd61548cf", size = 10910613 },
    { url = "https://files.pythonhosted.org/packages/1c/01/47ce3c6c53e0670eadbe80756b167bf80ed6681d1ba57cfde2e8065a13d1/ty-0.0.29-py3-none-manylinux_2_17_ppc64le.manylinux2014_ppc64le.whl", hash = "sha256:3c8fba1a3524c6109d1e020d92301c79d41bf442fa8d335b9fa366239339cb70", size = 11475750 },
    { url = "https://files.pythonhosted.org/packages/c4/cf/e361845b1081c9264ad5b7c963231bab03f2666865a9f2a115c4233f2137/ty-0.0.29-py3-none-manylinux_2_17_s390x.manylinux2014_s390x.whl", hash = "sha256:4c48adf88a70d264128c39ee922ed14a947817fced1e93c08c1a89c9244edcde", size = 11190055 },
    { url = "https://files.pythonhosted.org/packages/79/12/0fb0857e9a62cb11586e9a712103877bbf717f5fb570d16634408cfdefee/ty-0.0.29-py3-none-manylinux_2_17_x86_64.manylinux2014_x86_64.whl", hash = "sha256:2ce0a7a0e96bc7b42518cd3a1a6a6298ef64ff40ca4614355c1aa807059b5c6f", size = 11020539 },
    { url = "https://files.pythonhosted.org/packages/20/36/5a26753802083f80cd125db6c4348ad42b3c982ec36e718e0bf4c18f75e5/ty-0.0.29-py3-none-musllinux_1_2_aarch64.whl", hash = "sha256:a6ac86a05b4a3731d45365ab97780acc7b8146fa62fccb3cbe94fe6546c67a97", size = 10396399 },
    { url = "https://files.pythonhosted.org/packages/00/e6/b4e75b5752239ab3ab400f19faef4dbef81d05aab5d3419fda0c062a3765/ty-0.0.29-py3-none-musllinux_1_2_armv7l.whl", hash = "sha256:6bbbf53141af0f3150bf288d716263f1a3550054e4b3551ca866d38192ba9891", size = 10421461 },
    { url = "https://files.pythonhosted.org/packages/c0/21/1084b5b609f9abed62070ec0b31c283a403832a6310c8bbc208bd45ee1e6/ty-0.0.29-py3-none-musllinux_1_2_i686.whl", hash = "sha256:1c9e06b770c1d0ff5efc51e34312390db31d53fcf3088163f413030b42b74f84", size = 10599187 },
    { url = "https://files.pythonhosted.org/packages/ab/a1/ce19a2ca717bbcc1ee11378aba52ef70b6ce5b87245162a729d9fdc2360f/ty-0.0.29-py3-none-musllinux_1_2_x86_64.whl", hash = "sha256:0307fe37e3f000ef1a4ae230bbaf511508a78d24a5e51b40902a21b09d5e6037", size = 11121198 },
    { url = "https://files.pythonhosted.org/packages/6b/6b/f1430b279af704321566ce7ec2725d3d8258c2f815ebd93e474c64cd4543/ty-0.0.29-py3-none-win32.whl", hash = "sha256:7a2a898217960a825f8bc0087e1fdbaf379606175e98f9807187221d53a4a8ed", size = 9995331 },
    { url = "https://files.pythonhosted.org/packages/d2/ef/3ef01c17785ff9a69378465c7d0faccd48a07b163554db0995e5d65a5a23/ty-0.0.29-py3-none-win_amd64.whl", hash = "sha256:fc1294200226b91615acbf34e0a9ad81caf98c081e9c6a912a31b0a7b603bc3f", size = 11023644 },
    { url = "https://files.pythonhosted.org/packages/2c/55/87280a994d6a2d2647c65e12abbc997ed49835794366153c04c4d9304d76/ty-0.0.29-py3-none-win_arm64.whl", hash = "sha256:f9794bbd1bb3ce13f78c191d0c89ae4c63f52c12b6daa0c6fe220b90d019d12c", size = 10428165 },
]

[[package]]
name = "typing-extensions"
version = "4.12.2"
source = { registry = "https://pypi.org/simple" }
sdist = { url = "https://files.pythonhosted.org/packages/df/db/f35a00659bc03fec321ba8bce9420de607a1d37f8342eee1863174c69557/typing_extensions-4.12.2.tar.gz", hash = "sha256:1a7ead55c7e559dd4dee8856e3a88b41225abfe1ce8df57b7c13915fe121ffb8", size = 85321 }
wheels = [
    { url = "https://files.pythonhosted.org/packages/26/9f/ad63fc0248c5379346306f8668cda6e2e2e9c95e01216d2b8ffd9ff037d0/typing_extensions-4.12.2-py3-none-any.whl", hash = "sha256:04e5ca0351e0f3f85c6853954072df659d0d13fac324d0072316b67d7794700d", size = 37438 },
]

[[package]]
name = "vulture"
version = "2.16"
source = { registry = "https://pypi.org/simple" }
sdist = { url = "https://files.pythonhosted.org/packages/66/3e/4d08c5903b2c0c70cad583c170cc4a663fc6a61e2ad00b711fcda61358cd/vulture-2.16.tar.gz", hash = "sha256:f8d9f6e2af03011664a3c6c240c9765b3f392917d3135fddca6d6a68d359f717", size = 52680 }
wheels = [
    { url = "https://files.pythonhosted.org/packages/f5/be/f935130312330614811dae2ea9df3f395f6d63889eb6c2e68c14507152ee/vulture-2.16-py3-none-any.whl", hash = "sha256:6e0f1c312cef1c87856957e5c2ca9608834a7c794c2180477f30bf0e4cc58eee", size = 26993 },
]
